# -------------------------------------------------------------------------- #
#
# Copyright (C) 2024  Intel Corporation. All rights reserved.
# Your use of Intel Corporation's design tools, logic functions 
# and other software and tools, and any partner logic 
# functions, and any output files from any of the foregoing 
# (including device programming or simulation files), and any 
# associated documentation or information are expressly subject 
# to the terms and conditions of the Intel Program License 
# Subscription Agreement, the Intel Quartus Prime License Agreement,
# the Intel FPGA IP License Agreement, or other applicable license
# agreement, including, without limitation, that your use is for
# the sole purpose of programming logic devices manufactured by
# Intel and sold by Intel or its authorized distributors.  Please
# refer to the applicable agreement for further details, at
# https://fpgasoftware.intel.com/eula.
#
# -------------------------------------------------------------------------- #
#
# Quartus Prime
# Version 23.1std.1 Build 993 05/14/2024 SC Lite Edition
# Date created = 12:43:17  June 11, 2025
#
# -------------------------------------------------------------------------- #
#
# Notes:
#
# 1) The default values for assignments are stored in the file:
#		ADS131A0X_assignment_defaults.qdf
#    If this file doesn't exist, see file:
#		assignment_defaults.qdf
#
# 2) Intel recommends that you do not modify this file. This
#    file is updated automatically by the Quartus Prime software
#    and any changes you make may be lost or overwritten.
#
# -------------------------------------------------------------------------- #


set_global_assignment -name FAMILY "Cyclone 10 LP"
set_global_assignment -name DEVICE 10CL025YU256I7G
set_global_assignment -name TOP_LEVEL_ENTITY ADS131A0X
set_global_assignment -name ORIGINAL_QUARTUS_VERSION 23.1STD.1
set_global_assignment -name PROJECT_CREATION_TIME_DATE "12:43:17  JUNE 11, 2025"
set_global_assignment -name LAST_QUARTUS_VERSION "23.1std.1 Lite Edition"
set_global_assignment -name PROJECT_OUTPUT_DIRECTORY output_files
set_global_assignment -name MIN_CORE_JUNCTION_TEMP "-40"
set_global_assignment -name MAX_CORE_JUNCTION_TEMP 100
set_global_assignment -name ERROR_CHECK_FREQUENCY_DIVISOR 1
set_global_assignment -name NOMINAL_CORE_SUPPLY_VOLTAGE 1.2V
set_global_assignment -name EDA_SIMULATION_TOOL "Questa Intel FPGA (Verilog)"
set_global_assignment -name EDA_TIME_SCALE "1 ps" -section_id eda_simulation
set_global_assignment -name EDA_OUTPUT_DATA_FORMAT "VERILOG HDL" -section_id eda_simulation
set_global_assignment -name EDA_GENERATE_FUNCTIONAL_NETLIST OFF -section_id eda_board_design_timing
set_global_assignment -name EDA_GENERATE_FUNCTIONAL_NETLIST OFF -section_id eda_board_design_symbol
set_global_assignment -name EDA_GENERATE_FUNCTIONAL_NETLIST OFF -section_id eda_board_design_signal_integrity
set_global_assignment -name EDA_GENERATE_FUNCTIONAL_NETLIST OFF -section_id eda_board_design_boundary_scan
set_global_assignment -name PARTITION_NETLIST_TYPE SOURCE -section_id Top
set_global_assignment -name PARTITION_FITTER_PRESERVATION_LEVEL PLACEMENT_AND_ROUTING -section_id Top
set_global_assignment -name PARTITION_COLOR 16764057 -section_id Top
set_location_assignment PIN_E1 -to system_clock
set_location_assignment PIN_L16 -to SPI_SCLK
set_location_assignment PIN_K16 -to SPI_CS
set_location_assignment PIN_R16 -to SPI_RESET
set_location_assignment PIN_N15 -to SPI_MOSI
set_location_assignment PIN_P15 -to SPI_MISO
set_location_assignment PIN_L14 -to heartbeat
set_global_assignment -name ENABLE_SIGNALTAP ON
set_global_assignment -name USE_SIGNALTAP_FILE stp1.stp
set_location_assignment PIN_P8 -to trigger
set_location_assignment PIN_E15 -to reset_n
set_location_assignment PIN_R1 -to SPI_DRDY
set_global_assignment -name QIP_FILE nios/synthesis/nios.qip
set_global_assignment -name VERILOG_FILE ADS131A0X.v
set_global_assignment -name VERILOG_FILE SPI_Master.v
set_global_assignment -name VERILOG_FILE heartbeat.v
set_global_assignment -name VERILOG_FILE clock_synthesizer.v
set_global_assignment -name VERILOG_FILE spi_sclk_generator.v
set_global_assignment -name SIGNALTAP_FILE stp1.stp
set_global_assignment -name VERILOG_FILE clock_synthesizer_toggle.v
set_global_assignment -name QIP_FILE my_fifo.qip
set_global_assignment -name VERILOG_FILE adc_fifo_reader_mm_slave.v
set_global_assignment -name POWER_PRESET_COOLING_SOLUTION "23 MM HEAT SINK WITH 200 LFPM AIRFLOW"
set_global_assignment -name POWER_BOARD_THERMAL_MODEL "NONE (CONSERVATIVE)"
set_global_assignment -name QIP_FILE adc_fifo.qip
set_global_assignment -name SLD_NODE_CREATOR_ID 110 -section_id auto_signaltap_1
set_global_assignment -name SLD_NODE_ENTITY_NAME sld_signaltap -section_id auto_signaltap_1
set_instance_assignment -name CONNECT_TO_SLD_NODE_ENTITY_PORT acq_clk -to clock_8_333Mhz_debug -section_id auto_signaltap_1
set_instance_assignment -name CONNECT_TO_SLD_NODE_ENTITY_PORT acq_trigger_in[0] -to "adc_fifo:adc_fifo_inst|data[0]" -section_id auto_signaltap_1
set_instance_assignment -name CONNECT_TO_SLD_NODE_ENTITY_PORT acq_trigger_in[1] -to "adc_fifo:adc_fifo_inst|data[100]" -section_id auto_signaltap_1
set_instance_assignment -name CONNECT_TO_SLD_NODE_ENTITY_PORT acq_trigger_in[2] -to "adc_fifo:adc_fifo_inst|data[101]" -section_id auto_signaltap_1
set_instance_assignment -name CONNECT_TO_SLD_NODE_ENTITY_PORT acq_trigger_in[3] -to "adc_fifo:adc_fifo_inst|data[102]" -section_id auto_signaltap_1
set_instance_assignment -name CONNECT_TO_SLD_NODE_ENTITY_PORT acq_trigger_in[4] -to "adc_fifo:adc_fifo_inst|data[103]" -section_id auto_signaltap_1
set_instance_assignment -name CONNECT_TO_SLD_NODE_ENTITY_PORT acq_trigger_in[5] -to "adc_fifo:adc_fifo_inst|data[104]" -section_id auto_signaltap_1
set_instance_assignment -name CONNECT_TO_SLD_NODE_ENTITY_PORT acq_trigger_in[6] -to "adc_fifo:adc_fifo_inst|data[105]" -section_id auto_signaltap_1
set_instance_assignment -name CONNECT_TO_SLD_NODE_ENTITY_PORT acq_trigger_in[7] -to "adc_fifo:adc_fifo_inst|data[106]" -section_id auto_signaltap_1
set_instance_assignment -name CONNECT_TO_SLD_NODE_ENTITY_PORT acq_trigger_in[8] -to "adc_fifo:adc_fifo_inst|data[107]" -section_id auto_signaltap_1
set_instance_assignment -name CONNECT_TO_SLD_NODE_ENTITY_PORT acq_trigger_in[9] -to "adc_fifo:adc_fifo_inst|data[108]" -section_id auto_signaltap_1
set_instance_assignment -name CONNECT_TO_SLD_NODE_ENTITY_PORT acq_trigger_in[10] -to "adc_fifo:adc_fifo_inst|data[109]" -section_id auto_signaltap_1
set_instance_assignment -name CONNECT_TO_SLD_NODE_ENTITY_PORT acq_trigger_in[11] -to "adc_fifo:adc_fifo_inst|data[10]" -section_id auto_signaltap_1
set_instance_assignment -name CONNECT_TO_SLD_NODE_ENTITY_PORT acq_trigger_in[12] -to "adc_fifo:adc_fifo_inst|data[110]" -section_id auto_signaltap_1
set_instance_assignment -name CONNECT_TO_SLD_NODE_ENTITY_PORT acq_trigger_in[13] -to "adc_fifo:adc_fifo_inst|data[111]" -section_id auto_signaltap_1
set_instance_assignment -name CONNECT_TO_SLD_NODE_ENTITY_PORT acq_trigger_in[14] -to "adc_fifo:adc_fifo_inst|data[112]" -section_id auto_signaltap_1
set_instance_assignment -name CONNECT_TO_SLD_NODE_ENTITY_PORT acq_trigger_in[15] -to "adc_fifo:adc_fifo_inst|data[113]" -section_id auto_signaltap_1
set_instance_assignment -name CONNECT_TO_SLD_NODE_ENTITY_PORT acq_trigger_in[16] -to "adc_fifo:adc_fifo_inst|data[114]" -section_id auto_signaltap_1
set_instance_assignment -name CONNECT_TO_SLD_NODE_ENTITY_PORT acq_trigger_in[17] -to "adc_fifo:adc_fifo_inst|data[115]" -section_id auto_signaltap_1
set_instance_assignment -name CONNECT_TO_SLD_NODE_ENTITY_PORT acq_trigger_in[18] -to "adc_fifo:adc_fifo_inst|data[116]" -section_id auto_signaltap_1
set_instance_assignment -name CONNECT_TO_SLD_NODE_ENTITY_PORT acq_trigger_in[19] -to "adc_fifo:adc_fifo_inst|data[117]" -section_id auto_signaltap_1
set_instance_assignment -name CONNECT_TO_SLD_NODE_ENTITY_PORT acq_trigger_in[20] -to "adc_fifo:adc_fifo_inst|data[118]" -section_id auto_signaltap_1
set_instance_assignment -name CONNECT_TO_SLD_NODE_ENTITY_PORT acq_trigger_in[21] -to "adc_fifo:adc_fifo_inst|data[119]" -section_id auto_signaltap_1
set_instance_assignment -name CONNECT_TO_SLD_NODE_ENTITY_PORT acq_trigger_in[22] -to "adc_fifo:adc_fifo_inst|data[11]" -section_id auto_signaltap_1
set_instance_assignment -name CONNECT_TO_SLD_NODE_ENTITY_PORT acq_trigger_in[23] -to "adc_fifo:adc_fifo_inst|data[120]" -section_id auto_signaltap_1
set_instance_assignment -name CONNECT_TO_SLD_NODE_ENTITY_PORT acq_trigger_in[24] -to "adc_fifo:adc_fifo_inst|data[121]" -section_id auto_signaltap_1
set_instance_assignment -name CONNECT_TO_SLD_NODE_ENTITY_PORT acq_trigger_in[25] -to "adc_fifo:adc_fifo_inst|data[122]" -section_id auto_signaltap_1
set_instance_assignment -name CONNECT_TO_SLD_NODE_ENTITY_PORT acq_trigger_in[26] -to "adc_fifo:adc_fifo_inst|data[123]" -section_id auto_signaltap_1
set_instance_assignment -name CONNECT_TO_SLD_NODE_ENTITY_PORT acq_trigger_in[27] -to "adc_fifo:adc_fifo_inst|data[124]" -section_id auto_signaltap_1
set_instance_assignment -name CONNECT_TO_SLD_NODE_ENTITY_PORT acq_trigger_in[28] -to "adc_fifo:adc_fifo_inst|data[125]" -section_id auto_signaltap_1
set_instance_assignment -name CONNECT_TO_SLD_NODE_ENTITY_PORT acq_trigger_in[29] -to "adc_fifo:adc_fifo_inst|data[126]" -section_id auto_signaltap_1
set_instance_assignment -name CONNECT_TO_SLD_NODE_ENTITY_PORT acq_trigger_in[30] -to "adc_fifo:adc_fifo_inst|data[127]" -section_id auto_signaltap_1
set_instance_assignment -name CONNECT_TO_SLD_NODE_ENTITY_PORT acq_trigger_in[31] -to "adc_fifo:adc_fifo_inst|data[12]" -section_id auto_signaltap_1
set_instance_assignment -name CONNECT_TO_SLD_NODE_ENTITY_PORT acq_trigger_in[32] -to "adc_fifo:adc_fifo_inst|data[13]" -section_id auto_signaltap_1
set_instance_assignment -name CONNECT_TO_SLD_NODE_ENTITY_PORT acq_trigger_in[33] -to "adc_fifo:adc_fifo_inst|data[14]" -section_id auto_signaltap_1
set_instance_assignment -name CONNECT_TO_SLD_NODE_ENTITY_PORT acq_trigger_in[34] -to "adc_fifo:adc_fifo_inst|data[15]" -section_id auto_signaltap_1
set_instance_assignment -name CONNECT_TO_SLD_NODE_ENTITY_PORT acq_trigger_in[35] -to "adc_fifo:adc_fifo_inst|data[16]" -section_id auto_signaltap_1
set_instance_assignment -name CONNECT_TO_SLD_NODE_ENTITY_PORT acq_trigger_in[36] -to "adc_fifo:adc_fifo_inst|data[17]" -section_id auto_signaltap_1
set_instance_assignment -name CONNECT_TO_SLD_NODE_ENTITY_PORT acq_trigger_in[37] -to "adc_fifo:adc_fifo_inst|data[18]" -section_id auto_signaltap_1
set_instance_assignment -name CONNECT_TO_SLD_NODE_ENTITY_PORT acq_trigger_in[38] -to "adc_fifo:adc_fifo_inst|data[19]" -section_id auto_signaltap_1
set_instance_assignment -name CONNECT_TO_SLD_NODE_ENTITY_PORT acq_trigger_in[39] -to "adc_fifo:adc_fifo_inst|data[1]" -section_id auto_signaltap_1
set_instance_assignment -name CONNECT_TO_SLD_NODE_ENTITY_PORT acq_trigger_in[40] -to "adc_fifo:adc_fifo_inst|data[20]" -section_id auto_signaltap_1
set_instance_assignment -name CONNECT_TO_SLD_NODE_ENTITY_PORT acq_trigger_in[41] -to "adc_fifo:adc_fifo_inst|data[21]" -section_id auto_signaltap_1
set_instance_assignment -name CONNECT_TO_SLD_NODE_ENTITY_PORT acq_trigger_in[42] -to "adc_fifo:adc_fifo_inst|data[22]" -section_id auto_signaltap_1
set_instance_assignment -name CONNECT_TO_SLD_NODE_ENTITY_PORT acq_trigger_in[43] -to "adc_fifo:adc_fifo_inst|data[23]" -section_id auto_signaltap_1
set_instance_assignment -name CONNECT_TO_SLD_NODE_ENTITY_PORT acq_trigger_in[44] -to "adc_fifo:adc_fifo_inst|data[24]" -section_id auto_signaltap_1
set_instance_assignment -name CONNECT_TO_SLD_NODE_ENTITY_PORT acq_trigger_in[45] -to "adc_fifo:adc_fifo_inst|data[25]" -section_id auto_signaltap_1
set_instance_assignment -name CONNECT_TO_SLD_NODE_ENTITY_PORT acq_trigger_in[46] -to "adc_fifo:adc_fifo_inst|data[26]" -section_id auto_signaltap_1
set_instance_assignment -name CONNECT_TO_SLD_NODE_ENTITY_PORT acq_trigger_in[47] -to "adc_fifo:adc_fifo_inst|data[27]" -section_id auto_signaltap_1
set_instance_assignment -name CONNECT_TO_SLD_NODE_ENTITY_PORT acq_trigger_in[48] -to "adc_fifo:adc_fifo_inst|data[28]" -section_id auto_signaltap_1
set_instance_assignment -name CONNECT_TO_SLD_NODE_ENTITY_PORT acq_trigger_in[49] -to "adc_fifo:adc_fifo_inst|data[29]" -section_id auto_signaltap_1
set_instance_assignment -name CONNECT_TO_SLD_NODE_ENTITY_PORT acq_trigger_in[50] -to "adc_fifo:adc_fifo_inst|data[2]" -section_id auto_signaltap_1
set_instance_assignment -name CONNECT_TO_SLD_NODE_ENTITY_PORT acq_trigger_in[51] -to "adc_fifo:adc_fifo_inst|data[30]" -section_id auto_signaltap_1
set_instance_assignment -name CONNECT_TO_SLD_NODE_ENTITY_PORT acq_trigger_in[52] -to "adc_fifo:adc_fifo_inst|data[31]" -section_id auto_signaltap_1
set_instance_assignment -name CONNECT_TO_SLD_NODE_ENTITY_PORT acq_trigger_in[53] -to "adc_fifo:adc_fifo_inst|data[32]" -section_id auto_signaltap_1
set_instance_assignment -name CONNECT_TO_SLD_NODE_ENTITY_PORT acq_trigger_in[54] -to "adc_fifo:adc_fifo_inst|data[33]" -section_id auto_signaltap_1
set_instance_assignment -name CONNECT_TO_SLD_NODE_ENTITY_PORT acq_trigger_in[55] -to "adc_fifo:adc_fifo_inst|data[34]" -section_id auto_signaltap_1
set_instance_assignment -name CONNECT_TO_SLD_NODE_ENTITY_PORT acq_trigger_in[56] -to "adc_fifo:adc_fifo_inst|data[35]" -section_id auto_signaltap_1
set_instance_assignment -name CONNECT_TO_SLD_NODE_ENTITY_PORT acq_trigger_in[57] -to "adc_fifo:adc_fifo_inst|data[36]" -section_id auto_signaltap_1
set_instance_assignment -name CONNECT_TO_SLD_NODE_ENTITY_PORT acq_trigger_in[58] -to "adc_fifo:adc_fifo_inst|data[37]" -section_id auto_signaltap_1
set_instance_assignment -name CONNECT_TO_SLD_NODE_ENTITY_PORT acq_trigger_in[59] -to "adc_fifo:adc_fifo_inst|data[38]" -section_id auto_signaltap_1
set_instance_assignment -name CONNECT_TO_SLD_NODE_ENTITY_PORT acq_trigger_in[60] -to "adc_fifo:adc_fifo_inst|data[39]" -section_id auto_signaltap_1
set_instance_assignment -name CONNECT_TO_SLD_NODE_ENTITY_PORT acq_trigger_in[61] -to "adc_fifo:adc_fifo_inst|data[3]" -section_id auto_signaltap_1
set_instance_assignment -name CONNECT_TO_SLD_NODE_ENTITY_PORT acq_trigger_in[62] -to "adc_fifo:adc_fifo_inst|data[40]" -section_id auto_signaltap_1
set_instance_assignment -name CONNECT_TO_SLD_NODE_ENTITY_PORT acq_trigger_in[63] -to "adc_fifo:adc_fifo_inst|data[41]" -section_id auto_signaltap_1
set_instance_assignment -name CONNECT_TO_SLD_NODE_ENTITY_PORT acq_trigger_in[64] -to "adc_fifo:adc_fifo_inst|data[42]" -section_id auto_signaltap_1
set_instance_assignment -name CONNECT_TO_SLD_NODE_ENTITY_PORT acq_trigger_in[65] -to "adc_fifo:adc_fifo_inst|data[43]" -section_id auto_signaltap_1
set_instance_assignment -name CONNECT_TO_SLD_NODE_ENTITY_PORT acq_trigger_in[66] -to "adc_fifo:adc_fifo_inst|data[44]" -section_id auto_signaltap_1
set_instance_assignment -name CONNECT_TO_SLD_NODE_ENTITY_PORT acq_trigger_in[67] -to "adc_fifo:adc_fifo_inst|data[45]" -section_id auto_signaltap_1
set_instance_assignment -name CONNECT_TO_SLD_NODE_ENTITY_PORT acq_trigger_in[68] -to "adc_fifo:adc_fifo_inst|data[46]" -section_id auto_signaltap_1
set_instance_assignment -name CONNECT_TO_SLD_NODE_ENTITY_PORT acq_trigger_in[69] -to "adc_fifo:adc_fifo_inst|data[47]" -section_id auto_signaltap_1
set_instance_assignment -name CONNECT_TO_SLD_NODE_ENTITY_PORT acq_trigger_in[70] -to "adc_fifo:adc_fifo_inst|data[48]" -section_id auto_signaltap_1
set_instance_assignment -name CONNECT_TO_SLD_NODE_ENTITY_PORT acq_trigger_in[71] -to "adc_fifo:adc_fifo_inst|data[49]" -section_id auto_signaltap_1
set_instance_assignment -name CONNECT_TO_SLD_NODE_ENTITY_PORT acq_trigger_in[72] -to "adc_fifo:adc_fifo_inst|data[4]" -section_id auto_signaltap_1
set_instance_assignment -name CONNECT_TO_SLD_NODE_ENTITY_PORT acq_trigger_in[73] -to "adc_fifo:adc_fifo_inst|data[50]" -section_id auto_signaltap_1
set_instance_assignment -name CONNECT_TO_SLD_NODE_ENTITY_PORT acq_trigger_in[74] -to "adc_fifo:adc_fifo_inst|data[51]" -section_id auto_signaltap_1
set_instance_assignment -name CONNECT_TO_SLD_NODE_ENTITY_PORT acq_trigger_in[75] -to "adc_fifo:adc_fifo_inst|data[52]" -section_id auto_signaltap_1
set_instance_assignment -name CONNECT_TO_SLD_NODE_ENTITY_PORT acq_trigger_in[76] -to "adc_fifo:adc_fifo_inst|data[53]" -section_id auto_signaltap_1
set_instance_assignment -name CONNECT_TO_SLD_NODE_ENTITY_PORT acq_trigger_in[77] -to "adc_fifo:adc_fifo_inst|data[54]" -section_id auto_signaltap_1
set_instance_assignment -name CONNECT_TO_SLD_NODE_ENTITY_PORT acq_trigger_in[78] -to "adc_fifo:adc_fifo_inst|data[55]" -section_id auto_signaltap_1
set_instance_assignment -name CONNECT_TO_SLD_NODE_ENTITY_PORT acq_trigger_in[79] -to "adc_fifo:adc_fifo_inst|data[56]" -section_id auto_signaltap_1
set_instance_assignment -name CONNECT_TO_SLD_NODE_ENTITY_PORT acq_trigger_in[80] -to "adc_fifo:adc_fifo_inst|data[57]" -section_id auto_signaltap_1
set_instance_assignment -name CONNECT_TO_SLD_NODE_ENTITY_PORT acq_trigger_in[81] -to "adc_fifo:adc_fifo_inst|data[58]" -section_id auto_signaltap_1
set_instance_assignment -name CONNECT_TO_SLD_NODE_ENTITY_PORT acq_trigger_in[82] -to "adc_fifo:adc_fifo_inst|data[59]" -section_id auto_signaltap_1
set_instance_assignment -name CONNECT_TO_SLD_NODE_ENTITY_PORT acq_trigger_in[83] -to "adc_fifo:adc_fifo_inst|data[5]" -section_id auto_signaltap_1
set_instance_assignment -name CONNECT_TO_SLD_NODE_ENTITY_PORT acq_trigger_in[84] -to "adc_fifo:adc_fifo_inst|data[60]" -section_id auto_signaltap_1
set_instance_assignment -name CONNECT_TO_SLD_NODE_ENTITY_PORT acq_trigger_in[85] -to "adc_fifo:adc_fifo_inst|data[61]" -section_id auto_signaltap_1
set_instance_assignment -name CONNECT_TO_SLD_NODE_ENTITY_PORT acq_trigger_in[86] -to "adc_fifo:adc_fifo_inst|data[62]" -section_id auto_signaltap_1
set_instance_assignment -name CONNECT_TO_SLD_NODE_ENTITY_PORT acq_trigger_in[87] -to "adc_fifo:adc_fifo_inst|data[63]" -section_id auto_signaltap_1
set_instance_assignment -name CONNECT_TO_SLD_NODE_ENTITY_PORT acq_trigger_in[88] -to "adc_fifo:adc_fifo_inst|data[64]" -section_id auto_signaltap_1
set_instance_assignment -name CONNECT_TO_SLD_NODE_ENTITY_PORT acq_trigger_in[89] -to "adc_fifo:adc_fifo_inst|data[65]" -section_id auto_signaltap_1
set_instance_assignment -name CONNECT_TO_SLD_NODE_ENTITY_PORT acq_trigger_in[90] -to "adc_fifo:adc_fifo_inst|data[66]" -section_id auto_signaltap_1
set_instance_assignment -name CONNECT_TO_SLD_NODE_ENTITY_PORT acq_trigger_in[91] -to "adc_fifo:adc_fifo_inst|data[67]" -section_id auto_signaltap_1
set_instance_assignment -name CONNECT_TO_SLD_NODE_ENTITY_PORT acq_trigger_in[92] -to "adc_fifo:adc_fifo_inst|data[68]" -section_id auto_signaltap_1
set_instance_assignment -name CONNECT_TO_SLD_NODE_ENTITY_PORT acq_trigger_in[93] -to "adc_fifo:adc_fifo_inst|data[69]" -section_id auto_signaltap_1
set_instance_assignment -name CONNECT_TO_SLD_NODE_ENTITY_PORT acq_trigger_in[94] -to "adc_fifo:adc_fifo_inst|data[6]" -section_id auto_signaltap_1
set_instance_assignment -name CONNECT_TO_SLD_NODE_ENTITY_PORT acq_trigger_in[95] -to "adc_fifo:adc_fifo_inst|data[70]" -section_id auto_signaltap_1
set_instance_assignment -name CONNECT_TO_SLD_NODE_ENTITY_PORT acq_trigger_in[96] -to "adc_fifo:adc_fifo_inst|data[71]" -section_id auto_signaltap_1
set_instance_assignment -name CONNECT_TO_SLD_NODE_ENTITY_PORT acq_trigger_in[97] -to "adc_fifo:adc_fifo_inst|data[72]" -section_id auto_signaltap_1
set_instance_assignment -name CONNECT_TO_SLD_NODE_ENTITY_PORT acq_trigger_in[98] -to "adc_fifo:adc_fifo_inst|data[73]" -section_id auto_signaltap_1
set_instance_assignment -name CONNECT_TO_SLD_NODE_ENTITY_PORT acq_trigger_in[99] -to "adc_fifo:adc_fifo_inst|data[74]" -section_id auto_signaltap_1
set_instance_assignment -name CONNECT_TO_SLD_NODE_ENTITY_PORT acq_trigger_in[100] -to "adc_fifo:adc_fifo_inst|data[75]" -section_id auto_signaltap_1
set_instance_assignment -name CONNECT_TO_SLD_NODE_ENTITY_PORT acq_trigger_in[101] -to "adc_fifo:adc_fifo_inst|data[76]" -section_id auto_signaltap_1
set_instance_assignment -name CONNECT_TO_SLD_NODE_ENTITY_PORT acq_trigger_in[102] -to "adc_fifo:adc_fifo_inst|data[77]" -section_id auto_signaltap_1
set_instance_assignment -name CONNECT_TO_SLD_NODE_ENTITY_PORT acq_trigger_in[103] -to "adc_fifo:adc_fifo_inst|data[78]" -section_id auto_signaltap_1
set_instance_assignment -name CONNECT_TO_SLD_NODE_ENTITY_PORT acq_trigger_in[104] -to "adc_fifo:adc_fifo_inst|data[79]" -section_id auto_signaltap_1
set_instance_assignment -name CONNECT_TO_SLD_NODE_ENTITY_PORT acq_trigger_in[105] -to "adc_fifo:adc_fifo_inst|data[7]" -section_id auto_signaltap_1
set_instance_assignment -name CONNECT_TO_SLD_NODE_ENTITY_PORT acq_trigger_in[106] -to "adc_fifo:adc_fifo_inst|data[80]" -section_id auto_signaltap_1
set_instance_assignment -name CONNECT_TO_SLD_NODE_ENTITY_PORT acq_trigger_in[107] -to "adc_fifo:adc_fifo_inst|data[81]" -section_id auto_signaltap_1
set_instance_assignment -name CONNECT_TO_SLD_NODE_ENTITY_PORT acq_trigger_in[108] -to "adc_fifo:adc_fifo_inst|data[82]" -section_id auto_signaltap_1
set_instance_assignment -name CONNECT_TO_SLD_NODE_ENTITY_PORT acq_trigger_in[109] -to "adc_fifo:adc_fifo_inst|data[83]" -section_id auto_signaltap_1
set_instance_assignment -name CONNECT_TO_SLD_NODE_ENTITY_PORT acq_trigger_in[110] -to "adc_fifo:adc_fifo_inst|data[84]" -section_id auto_signaltap_1
set_instance_assignment -name CONNECT_TO_SLD_NODE_ENTITY_PORT acq_trigger_in[111] -to "adc_fifo:adc_fifo_inst|data[85]" -section_id auto_signaltap_1
set_instance_assignment -name CONNECT_TO_SLD_NODE_ENTITY_PORT acq_trigger_in[112] -to "adc_fifo:adc_fifo_inst|data[86]" -section_id auto_signaltap_1
set_instance_assignment -name CONNECT_TO_SLD_NODE_ENTITY_PORT acq_trigger_in[113] -to "adc_fifo:adc_fifo_inst|data[87]" -section_id auto_signaltap_1
set_instance_assignment -name CONNECT_TO_SLD_NODE_ENTITY_PORT acq_trigger_in[114] -to "adc_fifo:adc_fifo_inst|data[88]" -section_id auto_signaltap_1
set_instance_assignment -name CONNECT_TO_SLD_NODE_ENTITY_PORT acq_trigger_in[115] -to "adc_fifo:adc_fifo_inst|data[89]" -section_id auto_signaltap_1
set_instance_assignment -name CONNECT_TO_SLD_NODE_ENTITY_PORT acq_trigger_in[116] -to "adc_fifo:adc_fifo_inst|data[8]" -section_id auto_signaltap_1
set_instance_assignment -name CONNECT_TO_SLD_NODE_ENTITY_PORT acq_trigger_in[117] -to "adc_fifo:adc_fifo_inst|data[90]" -section_id auto_signaltap_1
set_instance_assignment -name CONNECT_TO_SLD_NODE_ENTITY_PORT acq_trigger_in[118] -to "adc_fifo:adc_fifo_inst|data[91]" -section_id auto_signaltap_1
set_instance_assignment -name CONNECT_TO_SLD_NODE_ENTITY_PORT acq_trigger_in[119] -to "adc_fifo:adc_fifo_inst|data[92]" -section_id auto_signaltap_1
set_instance_assignment -name CONNECT_TO_SLD_NODE_ENTITY_PORT acq_trigger_in[120] -to "adc_fifo:adc_fifo_inst|data[93]" -section_id auto_signaltap_1
set_instance_assignment -name CONNECT_TO_SLD_NODE_ENTITY_PORT acq_trigger_in[121] -to "adc_fifo:adc_fifo_inst|data[94]" -section_id auto_signaltap_1
set_instance_assignment -name CONNECT_TO_SLD_NODE_ENTITY_PORT acq_trigger_in[122] -to "adc_fifo:adc_fifo_inst|data[95]" -section_id auto_signaltap_1
set_instance_assignment -name CONNECT_TO_SLD_NODE_ENTITY_PORT acq_trigger_in[123] -to "adc_fifo:adc_fifo_inst|data[96]" -section_id auto_signaltap_1
set_instance_assignment -name CONNECT_TO_SLD_NODE_ENTITY_PORT acq_trigger_in[124] -to "adc_fifo:adc_fifo_inst|data[97]" -section_id auto_signaltap_1
set_instance_assignment -name CONNECT_TO_SLD_NODE_ENTITY_PORT acq_trigger_in[125] -to "adc_fifo:adc_fifo_inst|data[98]" -section_id auto_signaltap_1
set_instance_assignment -name CONNECT_TO_SLD_NODE_ENTITY_PORT acq_trigger_in[126] -to "adc_fifo:adc_fifo_inst|data[99]" -section_id auto_signaltap_1
set_instance_assignment -name CONNECT_TO_SLD_NODE_ENTITY_PORT acq_trigger_in[127] -to "adc_fifo:adc_fifo_inst|data[9]" -section_id auto_signaltap_1
set_instance_assignment -name CONNECT_TO_SLD_NODE_ENTITY_PORT acq_trigger_in[128] -to "adc_fifo:adc_fifo_inst|q[0]" -section_id auto_signaltap_1
set_instance_assignment -name CONNECT_TO_SLD_NODE_ENTITY_PORT acq_trigger_in[129] -to "adc_fifo:adc_fifo_inst|q[100]" -section_id auto_signaltap_1
set_instance_assignment -name CONNECT_TO_SLD_NODE_ENTITY_PORT acq_trigger_in[130] -to "adc_fifo:adc_fifo_inst|q[101]" -section_id auto_signaltap_1
set_instance_assignment -name CONNECT_TO_SLD_NODE_ENTITY_PORT acq_trigger_in[131] -to "adc_fifo:adc_fifo_inst|q[102]" -section_id auto_signaltap_1
set_instance_assignment -name CONNECT_TO_SLD_NODE_ENTITY_PORT acq_trigger_in[132] -to "adc_fifo:adc_fifo_inst|q[103]" -section_id auto_signaltap_1
set_instance_assignment -name CONNECT_TO_SLD_NODE_ENTITY_PORT acq_trigger_in[133] -to "adc_fifo:adc_fifo_inst|q[104]" -section_id auto_signaltap_1
set_instance_assignment -name CONNECT_TO_SLD_NODE_ENTITY_PORT acq_trigger_in[134] -to "adc_fifo:adc_fifo_inst|q[105]" -section_id auto_signaltap_1
set_instance_assignment -name CONNECT_TO_SLD_NODE_ENTITY_PORT acq_trigger_in[135] -to "adc_fifo:adc_fifo_inst|q[106]" -section_id auto_signaltap_1
set_instance_assignment -name CONNECT_TO_SLD_NODE_ENTITY_PORT acq_trigger_in[136] -to "adc_fifo:adc_fifo_inst|q[107]" -section_id auto_signaltap_1
set_instance_assignment -name CONNECT_TO_SLD_NODE_ENTITY_PORT acq_trigger_in[137] -to "adc_fifo:adc_fifo_inst|q[108]" -section_id auto_signaltap_1
set_instance_assignment -name CONNECT_TO_SLD_NODE_ENTITY_PORT acq_trigger_in[138] -to "adc_fifo:adc_fifo_inst|q[109]" -section_id auto_signaltap_1
set_instance_assignment -name CONNECT_TO_SLD_NODE_ENTITY_PORT acq_trigger_in[139] -to "adc_fifo:adc_fifo_inst|q[10]" -section_id auto_signaltap_1
set_instance_assignment -name CONNECT_TO_SLD_NODE_ENTITY_PORT acq_trigger_in[140] -to "adc_fifo:adc_fifo_inst|q[110]" -section_id auto_signaltap_1
set_instance_assignment -name CONNECT_TO_SLD_NODE_ENTITY_PORT acq_trigger_in[141] -to "adc_fifo:adc_fifo_inst|q[111]" -section_id auto_signaltap_1
set_instance_assignment -name CONNECT_TO_SLD_NODE_ENTITY_PORT acq_trigger_in[142] -to "adc_fifo:adc_fifo_inst|q[112]" -section_id auto_signaltap_1
set_instance_assignment -name CONNECT_TO_SLD_NODE_ENTITY_PORT acq_trigger_in[143] -to "adc_fifo:adc_fifo_inst|q[113]" -section_id auto_signaltap_1
set_instance_assignment -name CONNECT_TO_SLD_NODE_ENTITY_PORT acq_trigger_in[144] -to "adc_fifo:adc_fifo_inst|q[114]" -section_id auto_signaltap_1
set_instance_assignment -name CONNECT_TO_SLD_NODE_ENTITY_PORT acq_trigger_in[145] -to "adc_fifo:adc_fifo_inst|q[115]" -section_id auto_signaltap_1
set_instance_assignment -name CONNECT_TO_SLD_NODE_ENTITY_PORT acq_trigger_in[146] -to "adc_fifo:adc_fifo_inst|q[116]" -section_id auto_signaltap_1
set_instance_assignment -name CONNECT_TO_SLD_NODE_ENTITY_PORT acq_trigger_in[147] -to "adc_fifo:adc_fifo_inst|q[117]" -section_id auto_signaltap_1
set_instance_assignment -name CONNECT_TO_SLD_NODE_ENTITY_PORT acq_trigger_in[148] -to "adc_fifo:adc_fifo_inst|q[118]" -section_id auto_signaltap_1
set_instance_assignment -name CONNECT_TO_SLD_NODE_ENTITY_PORT acq_trigger_in[149] -to "adc_fifo:adc_fifo_inst|q[119]" -section_id auto_signaltap_1
set_instance_assignment -name CONNECT_TO_SLD_NODE_ENTITY_PORT acq_trigger_in[150] -to "adc_fifo:adc_fifo_inst|q[11]" -section_id auto_signaltap_1
set_instance_assignment -name CONNECT_TO_SLD_NODE_ENTITY_PORT acq_trigger_in[151] -to "adc_fifo:adc_fifo_inst|q[120]" -section_id auto_signaltap_1
set_instance_assignment -name CONNECT_TO_SLD_NODE_ENTITY_PORT acq_trigger_in[152] -to "adc_fifo:adc_fifo_inst|q[121]" -section_id auto_signaltap_1
set_instance_assignment -name CONNECT_TO_SLD_NODE_ENTITY_PORT acq_trigger_in[153] -to "adc_fifo:adc_fifo_inst|q[122]" -section_id auto_signaltap_1
set_instance_assignment -name CONNECT_TO_SLD_NODE_ENTITY_PORT acq_trigger_in[154] -to "adc_fifo:adc_fifo_inst|q[123]" -section_id auto_signaltap_1
set_instance_assignment -name CONNECT_TO_SLD_NODE_ENTITY_PORT acq_trigger_in[155] -to "adc_fifo:adc_fifo_inst|q[124]" -section_id auto_signaltap_1
set_instance_assignment -name CONNECT_TO_SLD_NODE_ENTITY_PORT acq_trigger_in[156] -to "adc_fifo:adc_fifo_inst|q[125]" -section_id auto_signaltap_1
set_instance_assignment -name CONNECT_TO_SLD_NODE_ENTITY_PORT acq_trigger_in[157] -to "adc_fifo:adc_fifo_inst|q[126]" -section_id auto_signaltap_1
set_instance_assignment -name CONNECT_TO_SLD_NODE_ENTITY_PORT acq_trigger_in[158] -to "adc_fifo:adc_fifo_inst|q[127]" -section_id auto_signaltap_1
set_instance_assignment -name CONNECT_TO_SLD_NODE_ENTITY_PORT acq_trigger_in[159] -to "adc_fifo:adc_fifo_inst|q[12]" -section_id auto_signaltap_1
set_instance_assignment -name CONNECT_TO_SLD_NODE_ENTITY_PORT acq_trigger_in[160] -to "adc_fifo:adc_fifo_inst|q[13]" -section_id auto_signaltap_1
set_instance_assignment -name CONNECT_TO_SLD_NODE_ENTITY_PORT acq_trigger_in[161] -to "adc_fifo:adc_fifo_inst|q[14]" -section_id auto_signaltap_1
set_instance_assignment -name CONNECT_TO_SLD_NODE_ENTITY_PORT acq_trigger_in[162] -to "adc_fifo:adc_fifo_inst|q[15]" -section_id auto_signaltap_1
set_instance_assignment -name CONNECT_TO_SLD_NODE_ENTITY_PORT acq_trigger_in[163] -to "adc_fifo:adc_fifo_inst|q[16]" -section_id auto_signaltap_1
set_instance_assignment -name CONNECT_TO_SLD_NODE_ENTITY_PORT acq_trigger_in[164] -to "adc_fifo:adc_fifo_inst|q[17]" -section_id auto_signaltap_1
set_instance_assignment -name CONNECT_TO_SLD_NODE_ENTITY_PORT acq_trigger_in[165] -to "adc_fifo:adc_fifo_inst|q[18]" -section_id auto_signaltap_1
set_instance_assignment -name CONNECT_TO_SLD_NODE_ENTITY_PORT acq_trigger_in[166] -to "adc_fifo:adc_fifo_inst|q[19]" -section_id auto_signaltap_1
set_instance_assignment -name CONNECT_TO_SLD_NODE_ENTITY_PORT acq_trigger_in[167] -to "adc_fifo:adc_fifo_inst|q[1]" -section_id auto_signaltap_1
set_instance_assignment -name CONNECT_TO_SLD_NODE_ENTITY_PORT acq_trigger_in[168] -to "adc_fifo:adc_fifo_inst|q[20]" -section_id auto_signaltap_1
set_instance_assignment -name CONNECT_TO_SLD_NODE_ENTITY_PORT acq_trigger_in[169] -to "adc_fifo:adc_fifo_inst|q[21]" -section_id auto_signaltap_1
set_instance_assignment -name CONNECT_TO_SLD_NODE_ENTITY_PORT acq_trigger_in[170] -to "adc_fifo:adc_fifo_inst|q[22]" -section_id auto_signaltap_1
set_instance_assignment -name CONNECT_TO_SLD_NODE_ENTITY_PORT acq_trigger_in[171] -to "adc_fifo:adc_fifo_inst|q[23]" -section_id auto_signaltap_1
set_instance_assignment -name CONNECT_TO_SLD_NODE_ENTITY_PORT acq_trigger_in[172] -to "adc_fifo:adc_fifo_inst|q[24]" -section_id auto_signaltap_1
set_instance_assignment -name CONNECT_TO_SLD_NODE_ENTITY_PORT acq_trigger_in[173] -to "adc_fifo:adc_fifo_inst|q[25]" -section_id auto_signaltap_1
set_instance_assignment -name CONNECT_TO_SLD_NODE_ENTITY_PORT acq_trigger_in[174] -to "adc_fifo:adc_fifo_inst|q[26]" -section_id auto_signaltap_1
set_instance_assignment -name CONNECT_TO_SLD_NODE_ENTITY_PORT acq_trigger_in[175] -to "adc_fifo:adc_fifo_inst|q[27]" -section_id auto_signaltap_1
set_instance_assignment -name CONNECT_TO_SLD_NODE_ENTITY_PORT acq_trigger_in[176] -to "adc_fifo:adc_fifo_inst|q[28]" -section_id auto_signaltap_1
set_instance_assignment -name CONNECT_TO_SLD_NODE_ENTITY_PORT acq_trigger_in[177] -to "adc_fifo:adc_fifo_inst|q[29]" -section_id auto_signaltap_1
set_instance_assignment -name CONNECT_TO_SLD_NODE_ENTITY_PORT acq_trigger_in[178] -to "adc_fifo:adc_fifo_inst|q[2]" -section_id auto_signaltap_1
set_instance_assignment -name CONNECT_TO_SLD_NODE_ENTITY_PORT acq_trigger_in[179] -to "adc_fifo:adc_fifo_inst|q[30]" -section_id auto_signaltap_1
set_instance_assignment -name CONNECT_TO_SLD_NODE_ENTITY_PORT acq_trigger_in[180] -to "adc_fifo:adc_fifo_inst|q[31]" -section_id auto_signaltap_1
set_instance_assignment -name CONNECT_TO_SLD_NODE_ENTITY_PORT acq_trigger_in[181] -to "adc_fifo:adc_fifo_inst|q[32]" -section_id auto_signaltap_1
set_instance_assignment -name CONNECT_TO_SLD_NODE_ENTITY_PORT acq_trigger_in[182] -to "adc_fifo:adc_fifo_inst|q[33]" -section_id auto_signaltap_1
set_instance_assignment -name CONNECT_TO_SLD_NODE_ENTITY_PORT acq_trigger_in[183] -to "adc_fifo:adc_fifo_inst|q[34]" -section_id auto_signaltap_1
set_instance_assignment -name CONNECT_TO_SLD_NODE_ENTITY_PORT acq_trigger_in[184] -to "adc_fifo:adc_fifo_inst|q[35]" -section_id auto_signaltap_1
set_instance_assignment -name CONNECT_TO_SLD_NODE_ENTITY_PORT acq_trigger_in[185] -to "adc_fifo:adc_fifo_inst|q[36]" -section_id auto_signaltap_1
set_instance_assignment -name CONNECT_TO_SLD_NODE_ENTITY_PORT acq_trigger_in[186] -to "adc_fifo:adc_fifo_inst|q[37]" -section_id auto_signaltap_1
set_instance_assignment -name CONNECT_TO_SLD_NODE_ENTITY_PORT acq_trigger_in[187] -to "adc_fifo:adc_fifo_inst|q[38]" -section_id auto_signaltap_1
set_instance_assignment -name CONNECT_TO_SLD_NODE_ENTITY_PORT acq_trigger_in[188] -to "adc_fifo:adc_fifo_inst|q[39]" -section_id auto_signaltap_1
set_instance_assignment -name CONNECT_TO_SLD_NODE_ENTITY_PORT acq_trigger_in[189] -to "adc_fifo:adc_fifo_inst|q[3]" -section_id auto_signaltap_1
set_instance_assignment -name CONNECT_TO_SLD_NODE_ENTITY_PORT acq_trigger_in[190] -to "adc_fifo:adc_fifo_inst|q[40]" -section_id auto_signaltap_1
set_instance_assignment -name CONNECT_TO_SLD_NODE_ENTITY_PORT acq_trigger_in[191] -to "adc_fifo:adc_fifo_inst|q[41]" -section_id auto_signaltap_1
set_instance_assignment -name CONNECT_TO_SLD_NODE_ENTITY_PORT acq_trigger_in[192] -to "adc_fifo:adc_fifo_inst|q[42]" -section_id auto_signaltap_1
set_instance_assignment -name CONNECT_TO_SLD_NODE_ENTITY_PORT acq_trigger_in[193] -to "adc_fifo:adc_fifo_inst|q[43]" -section_id auto_signaltap_1
set_instance_assignment -name CONNECT_TO_SLD_NODE_ENTITY_PORT acq_trigger_in[194] -to "adc_fifo:adc_fifo_inst|q[44]" -section_id auto_signaltap_1
set_instance_assignment -name CONNECT_TO_SLD_NODE_ENTITY_PORT acq_trigger_in[195] -to "adc_fifo:adc_fifo_inst|q[45]" -section_id auto_signaltap_1
set_instance_assignment -name CONNECT_TO_SLD_NODE_ENTITY_PORT acq_trigger_in[196] -to "adc_fifo:adc_fifo_inst|q[46]" -section_id auto_signaltap_1
set_instance_assignment -name CONNECT_TO_SLD_NODE_ENTITY_PORT acq_trigger_in[197] -to "adc_fifo:adc_fifo_inst|q[47]" -section_id auto_signaltap_1
set_instance_assignment -name CONNECT_TO_SLD_NODE_ENTITY_PORT acq_trigger_in[198] -to "adc_fifo:adc_fifo_inst|q[48]" -section_id auto_signaltap_1
set_instance_assignment -name CONNECT_TO_SLD_NODE_ENTITY_PORT acq_trigger_in[199] -to "adc_fifo:adc_fifo_inst|q[49]" -section_id auto_signaltap_1
set_instance_assignment -name CONNECT_TO_SLD_NODE_ENTITY_PORT acq_trigger_in[200] -to "adc_fifo:adc_fifo_inst|q[4]" -section_id auto_signaltap_1
set_instance_assignment -name CONNECT_TO_SLD_NODE_ENTITY_PORT acq_trigger_in[201] -to "adc_fifo:adc_fifo_inst|q[50]" -section_id auto_signaltap_1
set_instance_assignment -name CONNECT_TO_SLD_NODE_ENTITY_PORT acq_trigger_in[202] -to "adc_fifo:adc_fifo_inst|q[51]" -section_id auto_signaltap_1
set_instance_assignment -name CONNECT_TO_SLD_NODE_ENTITY_PORT acq_trigger_in[203] -to "adc_fifo:adc_fifo_inst|q[52]" -section_id auto_signaltap_1
set_instance_assignment -name CONNECT_TO_SLD_NODE_ENTITY_PORT acq_trigger_in[204] -to "adc_fifo:adc_fifo_inst|q[53]" -section_id auto_signaltap_1
set_instance_assignment -name CONNECT_TO_SLD_NODE_ENTITY_PORT acq_trigger_in[205] -to "adc_fifo:adc_fifo_inst|q[54]" -section_id auto_signaltap_1
set_instance_assignment -name CONNECT_TO_SLD_NODE_ENTITY_PORT acq_trigger_in[206] -to "adc_fifo:adc_fifo_inst|q[55]" -section_id auto_signaltap_1
set_instance_assignment -name CONNECT_TO_SLD_NODE_ENTITY_PORT acq_trigger_in[207] -to "adc_fifo:adc_fifo_inst|q[56]" -section_id auto_signaltap_1
set_instance_assignment -name CONNECT_TO_SLD_NODE_ENTITY_PORT acq_trigger_in[208] -to "adc_fifo:adc_fifo_inst|q[57]" -section_id auto_signaltap_1
set_instance_assignment -name CONNECT_TO_SLD_NODE_ENTITY_PORT acq_trigger_in[209] -to "adc_fifo:adc_fifo_inst|q[58]" -section_id auto_signaltap_1
set_instance_assignment -name CONNECT_TO_SLD_NODE_ENTITY_PORT acq_trigger_in[210] -to "adc_fifo:adc_fifo_inst|q[59]" -section_id auto_signaltap_1
set_instance_assignment -name CONNECT_TO_SLD_NODE_ENTITY_PORT acq_trigger_in[211] -to "adc_fifo:adc_fifo_inst|q[5]" -section_id auto_signaltap_1
set_instance_assignment -name CONNECT_TO_SLD_NODE_ENTITY_PORT acq_trigger_in[212] -to "adc_fifo:adc_fifo_inst|q[60]" -section_id auto_signaltap_1
set_instance_assignment -name CONNECT_TO_SLD_NODE_ENTITY_PORT acq_trigger_in[213] -to "adc_fifo:adc_fifo_inst|q[61]" -section_id auto_signaltap_1
set_instance_assignment -name CONNECT_TO_SLD_NODE_ENTITY_PORT acq_trigger_in[214] -to "adc_fifo:adc_fifo_inst|q[62]" -section_id auto_signaltap_1
set_instance_assignment -name CONNECT_TO_SLD_NODE_ENTITY_PORT acq_trigger_in[215] -to "adc_fifo:adc_fifo_inst|q[63]" -section_id auto_signaltap_1
set_instance_assignment -name CONNECT_TO_SLD_NODE_ENTITY_PORT acq_trigger_in[216] -to "adc_fifo:adc_fifo_inst|q[64]" -section_id auto_signaltap_1
set_instance_assignment -name CONNECT_TO_SLD_NODE_ENTITY_PORT acq_trigger_in[217] -to "adc_fifo:adc_fifo_inst|q[65]" -section_id auto_signaltap_1
set_instance_assignment -name CONNECT_TO_SLD_NODE_ENTITY_PORT acq_trigger_in[218] -to "adc_fifo:adc_fifo_inst|q[66]" -section_id auto_signaltap_1
set_instance_assignment -name CONNECT_TO_SLD_NODE_ENTITY_PORT acq_trigger_in[219] -to "adc_fifo:adc_fifo_inst|q[67]" -section_id auto_signaltap_1
set_instance_assignment -name CONNECT_TO_SLD_NODE_ENTITY_PORT acq_trigger_in[220] -to "adc_fifo:adc_fifo_inst|q[68]" -section_id auto_signaltap_1
set_instance_assignment -name CONNECT_TO_SLD_NODE_ENTITY_PORT acq_trigger_in[221] -to "adc_fifo:adc_fifo_inst|q[69]" -section_id auto_signaltap_1
set_instance_assignment -name CONNECT_TO_SLD_NODE_ENTITY_PORT acq_trigger_in[222] -to "adc_fifo:adc_fifo_inst|q[6]" -section_id auto_signaltap_1
set_instance_assignment -name CONNECT_TO_SLD_NODE_ENTITY_PORT acq_trigger_in[223] -to "adc_fifo:adc_fifo_inst|q[70]" -section_id auto_signaltap_1
set_instance_assignment -name CONNECT_TO_SLD_NODE_ENTITY_PORT acq_trigger_in[224] -to "adc_fifo:adc_fifo_inst|q[71]" -section_id auto_signaltap_1
set_instance_assignment -name CONNECT_TO_SLD_NODE_ENTITY_PORT acq_trigger_in[225] -to "adc_fifo:adc_fifo_inst|q[72]" -section_id auto_signaltap_1
set_instance_assignment -name CONNECT_TO_SLD_NODE_ENTITY_PORT acq_trigger_in[226] -to "adc_fifo:adc_fifo_inst|q[73]" -section_id auto_signaltap_1
set_instance_assignment -name CONNECT_TO_SLD_NODE_ENTITY_PORT acq_trigger_in[227] -to "adc_fifo:adc_fifo_inst|q[74]" -section_id auto_signaltap_1
set_instance_assignment -name CONNECT_TO_SLD_NODE_ENTITY_PORT acq_trigger_in[228] -to "adc_fifo:adc_fifo_inst|q[75]" -section_id auto_signaltap_1
set_instance_assignment -name CONNECT_TO_SLD_NODE_ENTITY_PORT acq_trigger_in[229] -to "adc_fifo:adc_fifo_inst|q[76]" -section_id auto_signaltap_1
set_instance_assignment -name CONNECT_TO_SLD_NODE_ENTITY_PORT acq_trigger_in[230] -to "adc_fifo:adc_fifo_inst|q[77]" -section_id auto_signaltap_1
set_instance_assignment -name CONNECT_TO_SLD_NODE_ENTITY_PORT acq_trigger_in[231] -to "adc_fifo:adc_fifo_inst|q[78]" -section_id auto_signaltap_1
set_instance_assignment -name CONNECT_TO_SLD_NODE_ENTITY_PORT acq_trigger_in[232] -to "adc_fifo:adc_fifo_inst|q[79]" -section_id auto_signaltap_1
set_instance_assignment -name CONNECT_TO_SLD_NODE_ENTITY_PORT acq_trigger_in[233] -to "adc_fifo:adc_fifo_inst|q[7]" -section_id auto_signaltap_1
set_instance_assignment -name CONNECT_TO_SLD_NODE_ENTITY_PORT acq_trigger_in[234] -to "adc_fifo:adc_fifo_inst|q[80]" -section_id auto_signaltap_1
set_instance_assignment -name CONNECT_TO_SLD_NODE_ENTITY_PORT acq_trigger_in[235] -to "adc_fifo:adc_fifo_inst|q[81]" -section_id auto_signaltap_1
set_instance_assignment -name CONNECT_TO_SLD_NODE_ENTITY_PORT acq_trigger_in[236] -to "adc_fifo:adc_fifo_inst|q[82]" -section_id auto_signaltap_1
set_instance_assignment -name CONNECT_TO_SLD_NODE_ENTITY_PORT acq_trigger_in[237] -to "adc_fifo:adc_fifo_inst|q[83]" -section_id auto_signaltap_1
set_instance_assignment -name CONNECT_TO_SLD_NODE_ENTITY_PORT acq_trigger_in[238] -to "adc_fifo:adc_fifo_inst|q[84]" -section_id auto_signaltap_1
set_instance_assignment -name CONNECT_TO_SLD_NODE_ENTITY_PORT acq_trigger_in[239] -to "adc_fifo:adc_fifo_inst|q[85]" -section_id auto_signaltap_1
set_instance_assignment -name CONNECT_TO_SLD_NODE_ENTITY_PORT acq_trigger_in[240] -to "adc_fifo:adc_fifo_inst|q[86]" -section_id auto_signaltap_1
set_instance_assignment -name CONNECT_TO_SLD_NODE_ENTITY_PORT acq_trigger_in[241] -to "adc_fifo:adc_fifo_inst|q[87]" -section_id auto_signaltap_1
set_instance_assignment -name CONNECT_TO_SLD_NODE_ENTITY_PORT acq_trigger_in[242] -to "adc_fifo:adc_fifo_inst|q[88]" -section_id auto_signaltap_1
set_instance_assignment -name CONNECT_TO_SLD_NODE_ENTITY_PORT acq_trigger_in[243] -to "adc_fifo:adc_fifo_inst|q[89]" -section_id auto_signaltap_1
set_instance_assignment -name CONNECT_TO_SLD_NODE_ENTITY_PORT acq_trigger_in[244] -to "adc_fifo:adc_fifo_inst|q[8]" -section_id auto_signaltap_1
set_instance_assignment -name CONNECT_TO_SLD_NODE_ENTITY_PORT acq_trigger_in[245] -to "adc_fifo:adc_fifo_inst|q[90]" -section_id auto_signaltap_1
set_instance_assignment -name CONNECT_TO_SLD_NODE_ENTITY_PORT acq_trigger_in[246] -to "adc_fifo:adc_fifo_inst|q[91]" -section_id auto_signaltap_1
set_instance_assignment -name CONNECT_TO_SLD_NODE_ENTITY_PORT acq_trigger_in[247] -to "adc_fifo:adc_fifo_inst|q[92]" -section_id auto_signaltap_1
set_instance_assignment -name CONNECT_TO_SLD_NODE_ENTITY_PORT acq_trigger_in[248] -to "adc_fifo:adc_fifo_inst|q[93]" -section_id auto_signaltap_1
set_instance_assignment -name CONNECT_TO_SLD_NODE_ENTITY_PORT acq_trigger_in[249] -to "adc_fifo:adc_fifo_inst|q[94]" -section_id auto_signaltap_1
set_instance_assignment -name CONNECT_TO_SLD_NODE_ENTITY_PORT acq_trigger_in[250] -to "adc_fifo:adc_fifo_inst|q[95]" -section_id auto_signaltap_1
set_instance_assignment -name CONNECT_TO_SLD_NODE_ENTITY_PORT acq_trigger_in[251] -to "adc_fifo:adc_fifo_inst|q[96]" -section_id auto_signaltap_1
set_instance_assignment -name CONNECT_TO_SLD_NODE_ENTITY_PORT acq_trigger_in[252] -to "adc_fifo:adc_fifo_inst|q[97]" -section_id auto_signaltap_1
set_instance_assignment -name CONNECT_TO_SLD_NODE_ENTITY_PORT acq_trigger_in[253] -to "adc_fifo:adc_fifo_inst|q[98]" -section_id auto_signaltap_1
set_instance_assignment -name CONNECT_TO_SLD_NODE_ENTITY_PORT acq_trigger_in[254] -to "adc_fifo:adc_fifo_inst|q[99]" -section_id auto_signaltap_1
set_instance_assignment -name CONNECT_TO_SLD_NODE_ENTITY_PORT acq_trigger_in[255] -to "adc_fifo:adc_fifo_inst|q[9]" -section_id auto_signaltap_1
set_instance_assignment -name CONNECT_TO_SLD_NODE_ENTITY_PORT acq_trigger_in[256] -to "adc_fifo:adc_fifo_inst|rdclk" -section_id auto_signaltap_1
set_instance_assignment -name CONNECT_TO_SLD_NODE_ENTITY_PORT acq_trigger_in[257] -to "adc_fifo:adc_fifo_inst|rdempty" -section_id auto_signaltap_1
set_instance_assignment -name CONNECT_TO_SLD_NODE_ENTITY_PORT acq_trigger_in[258] -to "adc_fifo:adc_fifo_inst|rdreq" -section_id auto_signaltap_1
set_instance_assignment -name CONNECT_TO_SLD_NODE_ENTITY_PORT acq_trigger_in[259] -to "adc_fifo:adc_fifo_inst|wrclk" -section_id auto_signaltap_1
set_instance_assignment -name CONNECT_TO_SLD_NODE_ENTITY_PORT acq_trigger_in[260] -to "adc_fifo:adc_fifo_inst|wrfull" -section_id auto_signaltap_1
set_instance_assignment -name CONNECT_TO_SLD_NODE_ENTITY_PORT acq_trigger_in[261] -to "adc_fifo:adc_fifo_inst|wrreq" -section_id auto_signaltap_1
set_instance_assignment -name CONNECT_TO_SLD_NODE_ENTITY_PORT acq_data_in[0] -to "adc_fifo:adc_fifo_inst|data[0]" -section_id auto_signaltap_1
set_instance_assignment -name CONNECT_TO_SLD_NODE_ENTITY_PORT acq_data_in[1] -to "adc_fifo:adc_fifo_inst|data[100]" -section_id auto_signaltap_1
set_instance_assignment -name CONNECT_TO_SLD_NODE_ENTITY_PORT acq_data_in[2] -to "adc_fifo:adc_fifo_inst|data[101]" -section_id auto_signaltap_1
set_instance_assignment -name CONNECT_TO_SLD_NODE_ENTITY_PORT acq_data_in[3] -to "adc_fifo:adc_fifo_inst|data[102]" -section_id auto_signaltap_1
set_instance_assignment -name CONNECT_TO_SLD_NODE_ENTITY_PORT acq_data_in[4] -to "adc_fifo:adc_fifo_inst|data[103]" -section_id auto_signaltap_1
set_instance_assignment -name CONNECT_TO_SLD_NODE_ENTITY_PORT acq_data_in[5] -to "adc_fifo:adc_fifo_inst|data[104]" -section_id auto_signaltap_1
set_instance_assignment -name CONNECT_TO_SLD_NODE_ENTITY_PORT acq_data_in[6] -to "adc_fifo:adc_fifo_inst|data[105]" -section_id auto_signaltap_1
set_instance_assignment -name CONNECT_TO_SLD_NODE_ENTITY_PORT acq_data_in[7] -to "adc_fifo:adc_fifo_inst|data[106]" -section_id auto_signaltap_1
set_instance_assignment -name CONNECT_TO_SLD_NODE_ENTITY_PORT acq_data_in[8] -to "adc_fifo:adc_fifo_inst|data[107]" -section_id auto_signaltap_1
set_instance_assignment -name CONNECT_TO_SLD_NODE_ENTITY_PORT acq_data_in[9] -to "adc_fifo:adc_fifo_inst|data[108]" -section_id auto_signaltap_1
set_instance_assignment -name CONNECT_TO_SLD_NODE_ENTITY_PORT acq_data_in[10] -to "adc_fifo:adc_fifo_inst|data[109]" -section_id auto_signaltap_1
set_instance_assignment -name CONNECT_TO_SLD_NODE_ENTITY_PORT acq_data_in[11] -to "adc_fifo:adc_fifo_inst|data[10]" -section_id auto_signaltap_1
set_instance_assignment -name CONNECT_TO_SLD_NODE_ENTITY_PORT acq_data_in[12] -to "adc_fifo:adc_fifo_inst|data[110]" -section_id auto_signaltap_1
set_instance_assignment -name CONNECT_TO_SLD_NODE_ENTITY_PORT acq_data_in[13] -to "adc_fifo:adc_fifo_inst|data[111]" -section_id auto_signaltap_1
set_instance_assignment -name CONNECT_TO_SLD_NODE_ENTITY_PORT acq_data_in[14] -to "adc_fifo:adc_fifo_inst|data[112]" -section_id auto_signaltap_1
set_instance_assignment -name CONNECT_TO_SLD_NODE_ENTITY_PORT acq_data_in[15] -to "adc_fifo:adc_fifo_inst|data[113]" -section_id auto_signaltap_1
set_instance_assignment -name CONNECT_TO_SLD_NODE_ENTITY_PORT acq_data_in[16] -to "adc_fifo:adc_fifo_inst|data[114]" -section_id auto_signaltap_1
set_instance_assignment -name CONNECT_TO_SLD_NODE_ENTITY_PORT acq_data_in[17] -to "adc_fifo:adc_fifo_inst|data[115]" -section_id auto_signaltap_1
set_instance_assignment -name CONNECT_TO_SLD_NODE_ENTITY_PORT acq_data_in[18] -to "adc_fifo:adc_fifo_inst|data[116]" -section_id auto_signaltap_1
set_instance_assignment -name CONNECT_TO_SLD_NODE_ENTITY_PORT acq_data_in[19] -to "adc_fifo:adc_fifo_inst|data[117]" -section_id auto_signaltap_1
set_instance_assignment -name CONNECT_TO_SLD_NODE_ENTITY_PORT acq_data_in[20] -to "adc_fifo:adc_fifo_inst|data[118]" -section_id auto_signaltap_1
set_instance_assignment -name CONNECT_TO_SLD_NODE_ENTITY_PORT acq_data_in[21] -to "adc_fifo:adc_fifo_inst|data[119]" -section_id auto_signaltap_1
set_instance_assignment -name CONNECT_TO_SLD_NODE_ENTITY_PORT acq_data_in[22] -to "adc_fifo:adc_fifo_inst|data[11]" -section_id auto_signaltap_1
set_instance_assignment -name CONNECT_TO_SLD_NODE_ENTITY_PORT acq_data_in[23] -to "adc_fifo:adc_fifo_inst|data[120]" -section_id auto_signaltap_1
set_instance_assignment -name CONNECT_TO_SLD_NODE_ENTITY_PORT acq_data_in[24] -to "adc_fifo:adc_fifo_inst|data[121]" -section_id auto_signaltap_1
set_instance_assignment -name CONNECT_TO_SLD_NODE_ENTITY_PORT acq_data_in[25] -to "adc_fifo:adc_fifo_inst|data[122]" -section_id auto_signaltap_1
set_instance_assignment -name CONNECT_TO_SLD_NODE_ENTITY_PORT acq_data_in[26] -to "adc_fifo:adc_fifo_inst|data[123]" -section_id auto_signaltap_1
set_instance_assignment -name CONNECT_TO_SLD_NODE_ENTITY_PORT acq_data_in[27] -to "adc_fifo:adc_fifo_inst|data[124]" -section_id auto_signaltap_1
set_instance_assignment -name CONNECT_TO_SLD_NODE_ENTITY_PORT acq_data_in[28] -to "adc_fifo:adc_fifo_inst|data[125]" -section_id auto_signaltap_1
set_instance_assignment -name CONNECT_TO_SLD_NODE_ENTITY_PORT acq_data_in[29] -to "adc_fifo:adc_fifo_inst|data[126]" -section_id auto_signaltap_1
set_instance_assignment -name CONNECT_TO_SLD_NODE_ENTITY_PORT acq_data_in[30] -to "adc_fifo:adc_fifo_inst|data[127]" -section_id auto_signaltap_1
set_instance_assignment -name CONNECT_TO_SLD_NODE_ENTITY_PORT acq_data_in[31] -to "adc_fifo:adc_fifo_inst|data[12]" -section_id auto_signaltap_1
set_instance_assignment -name CONNECT_TO_SLD_NODE_ENTITY_PORT acq_data_in[32] -to "adc_fifo:adc_fifo_inst|data[13]" -section_id auto_signaltap_1
set_instance_assignment -name CONNECT_TO_SLD_NODE_ENTITY_PORT acq_data_in[33] -to "adc_fifo:adc_fifo_inst|data[14]" -section_id auto_signaltap_1
set_instance_assignment -name CONNECT_TO_SLD_NODE_ENTITY_PORT acq_data_in[34] -to "adc_fifo:adc_fifo_inst|data[15]" -section_id auto_signaltap_1
set_instance_assignment -name CONNECT_TO_SLD_NODE_ENTITY_PORT acq_data_in[35] -to "adc_fifo:adc_fifo_inst|data[16]" -section_id auto_signaltap_1
set_instance_assignment -name CONNECT_TO_SLD_NODE_ENTITY_PORT acq_data_in[36] -to "adc_fifo:adc_fifo_inst|data[17]" -section_id auto_signaltap_1
set_instance_assignment -name CONNECT_TO_SLD_NODE_ENTITY_PORT acq_data_in[37] -to "adc_fifo:adc_fifo_inst|data[18]" -section_id auto_signaltap_1
set_instance_assignment -name CONNECT_TO_SLD_NODE_ENTITY_PORT acq_data_in[38] -to "adc_fifo:adc_fifo_inst|data[19]" -section_id auto_signaltap_1
set_instance_assignment -name CONNECT_TO_SLD_NODE_ENTITY_PORT acq_data_in[39] -to "adc_fifo:adc_fifo_inst|data[1]" -section_id auto_signaltap_1
set_instance_assignment -name CONNECT_TO_SLD_NODE_ENTITY_PORT acq_data_in[40] -to "adc_fifo:adc_fifo_inst|data[20]" -section_id auto_signaltap_1
set_instance_assignment -name CONNECT_TO_SLD_NODE_ENTITY_PORT acq_data_in[41] -to "adc_fifo:adc_fifo_inst|data[21]" -section_id auto_signaltap_1
set_instance_assignment -name CONNECT_TO_SLD_NODE_ENTITY_PORT acq_data_in[42] -to "adc_fifo:adc_fifo_inst|data[22]" -section_id auto_signaltap_1
set_instance_assignment -name CONNECT_TO_SLD_NODE_ENTITY_PORT acq_data_in[43] -to "adc_fifo:adc_fifo_inst|data[23]" -section_id auto_signaltap_1
set_instance_assignment -name CONNECT_TO_SLD_NODE_ENTITY_PORT acq_data_in[44] -to "adc_fifo:adc_fifo_inst|data[24]" -section_id auto_signaltap_1
set_instance_assignment -name CONNECT_TO_SLD_NODE_ENTITY_PORT acq_data_in[45] -to "adc_fifo:adc_fifo_inst|data[25]" -section_id auto_signaltap_1
set_instance_assignment -name CONNECT_TO_SLD_NODE_ENTITY_PORT acq_data_in[46] -to "adc_fifo:adc_fifo_inst|data[26]" -section_id auto_signaltap_1
set_instance_assignment -name CONNECT_TO_SLD_NODE_ENTITY_PORT acq_data_in[47] -to "adc_fifo:adc_fifo_inst|data[27]" -section_id auto_signaltap_1
set_instance_assignment -name CONNECT_TO_SLD_NODE_ENTITY_PORT acq_data_in[48] -to "adc_fifo:adc_fifo_inst|data[28]" -section_id auto_signaltap_1
set_instance_assignment -name CONNECT_TO_SLD_NODE_ENTITY_PORT acq_data_in[49] -to "adc_fifo:adc_fifo_inst|data[29]" -section_id auto_signaltap_1
set_instance_assignment -name CONNECT_TO_SLD_NODE_ENTITY_PORT acq_data_in[50] -to "adc_fifo:adc_fifo_inst|data[2]" -section_id auto_signaltap_1
set_instance_assignment -name CONNECT_TO_SLD_NODE_ENTITY_PORT acq_data_in[51] -to "adc_fifo:adc_fifo_inst|data[30]" -section_id auto_signaltap_1
set_instance_assignment -name CONNECT_TO_SLD_NODE_ENTITY_PORT acq_data_in[52] -to "adc_fifo:adc_fifo_inst|data[31]" -section_id auto_signaltap_1
set_instance_assignment -name CONNECT_TO_SLD_NODE_ENTITY_PORT acq_data_in[53] -to "adc_fifo:adc_fifo_inst|data[32]" -section_id auto_signaltap_1
set_instance_assignment -name CONNECT_TO_SLD_NODE_ENTITY_PORT acq_data_in[54] -to "adc_fifo:adc_fifo_inst|data[33]" -section_id auto_signaltap_1
set_instance_assignment -name CONNECT_TO_SLD_NODE_ENTITY_PORT acq_data_in[55] -to "adc_fifo:adc_fifo_inst|data[34]" -section_id auto_signaltap_1
set_instance_assignment -name CONNECT_TO_SLD_NODE_ENTITY_PORT acq_data_in[56] -to "adc_fifo:adc_fifo_inst|data[35]" -section_id auto_signaltap_1
set_instance_assignment -name CONNECT_TO_SLD_NODE_ENTITY_PORT acq_data_in[57] -to "adc_fifo:adc_fifo_inst|data[36]" -section_id auto_signaltap_1
set_instance_assignment -name CONNECT_TO_SLD_NODE_ENTITY_PORT acq_data_in[58] -to "adc_fifo:adc_fifo_inst|data[37]" -section_id auto_signaltap_1
set_instance_assignment -name CONNECT_TO_SLD_NODE_ENTITY_PORT acq_data_in[59] -to "adc_fifo:adc_fifo_inst|data[38]" -section_id auto_signaltap_1
set_instance_assignment -name CONNECT_TO_SLD_NODE_ENTITY_PORT acq_data_in[60] -to "adc_fifo:adc_fifo_inst|data[39]" -section_id auto_signaltap_1
set_instance_assignment -name CONNECT_TO_SLD_NODE_ENTITY_PORT acq_data_in[61] -to "adc_fifo:adc_fifo_inst|data[3]" -section_id auto_signaltap_1
set_instance_assignment -name CONNECT_TO_SLD_NODE_ENTITY_PORT acq_data_in[62] -to "adc_fifo:adc_fifo_inst|data[40]" -section_id auto_signaltap_1
set_instance_assignment -name CONNECT_TO_SLD_NODE_ENTITY_PORT acq_data_in[63] -to "adc_fifo:adc_fifo_inst|data[41]" -section_id auto_signaltap_1
set_instance_assignment -name CONNECT_TO_SLD_NODE_ENTITY_PORT acq_data_in[64] -to "adc_fifo:adc_fifo_inst|data[42]" -section_id auto_signaltap_1
set_instance_assignment -name CONNECT_TO_SLD_NODE_ENTITY_PORT acq_data_in[65] -to "adc_fifo:adc_fifo_inst|data[43]" -section_id auto_signaltap_1
set_instance_assignment -name CONNECT_TO_SLD_NODE_ENTITY_PORT acq_data_in[66] -to "adc_fifo:adc_fifo_inst|data[44]" -section_id auto_signaltap_1
set_instance_assignment -name CONNECT_TO_SLD_NODE_ENTITY_PORT acq_data_in[67] -to "adc_fifo:adc_fifo_inst|data[45]" -section_id auto_signaltap_1
set_instance_assignment -name CONNECT_TO_SLD_NODE_ENTITY_PORT acq_data_in[68] -to "adc_fifo:adc_fifo_inst|data[46]" -section_id auto_signaltap_1
set_instance_assignment -name CONNECT_TO_SLD_NODE_ENTITY_PORT acq_data_in[69] -to "adc_fifo:adc_fifo_inst|data[47]" -section_id auto_signaltap_1
set_instance_assignment -name CONNECT_TO_SLD_NODE_ENTITY_PORT acq_data_in[70] -to "adc_fifo:adc_fifo_inst|data[48]" -section_id auto_signaltap_1
set_instance_assignment -name CONNECT_TO_SLD_NODE_ENTITY_PORT acq_data_in[71] -to "adc_fifo:adc_fifo_inst|data[49]" -section_id auto_signaltap_1
set_instance_assignment -name CONNECT_TO_SLD_NODE_ENTITY_PORT acq_data_in[72] -to "adc_fifo:adc_fifo_inst|data[4]" -section_id auto_signaltap_1
set_instance_assignment -name CONNECT_TO_SLD_NODE_ENTITY_PORT acq_data_in[73] -to "adc_fifo:adc_fifo_inst|data[50]" -section_id auto_signaltap_1
set_instance_assignment -name CONNECT_TO_SLD_NODE_ENTITY_PORT acq_data_in[74] -to "adc_fifo:adc_fifo_inst|data[51]" -section_id auto_signaltap_1
set_instance_assignment -name CONNECT_TO_SLD_NODE_ENTITY_PORT acq_data_in[75] -to "adc_fifo:adc_fifo_inst|data[52]" -section_id auto_signaltap_1
set_instance_assignment -name CONNECT_TO_SLD_NODE_ENTITY_PORT acq_data_in[76] -to "adc_fifo:adc_fifo_inst|data[53]" -section_id auto_signaltap_1
set_instance_assignment -name CONNECT_TO_SLD_NODE_ENTITY_PORT acq_data_in[77] -to "adc_fifo:adc_fifo_inst|data[54]" -section_id auto_signaltap_1
set_instance_assignment -name CONNECT_TO_SLD_NODE_ENTITY_PORT acq_data_in[78] -to "adc_fifo:adc_fifo_inst|data[55]" -section_id auto_signaltap_1
set_instance_assignment -name CONNECT_TO_SLD_NODE_ENTITY_PORT acq_data_in[79] -to "adc_fifo:adc_fifo_inst|data[56]" -section_id auto_signaltap_1
set_instance_assignment -name CONNECT_TO_SLD_NODE_ENTITY_PORT acq_data_in[80] -to "adc_fifo:adc_fifo_inst|data[57]" -section_id auto_signaltap_1
set_instance_assignment -name CONNECT_TO_SLD_NODE_ENTITY_PORT acq_data_in[81] -to "adc_fifo:adc_fifo_inst|data[58]" -section_id auto_signaltap_1
set_instance_assignment -name CONNECT_TO_SLD_NODE_ENTITY_PORT acq_data_in[82] -to "adc_fifo:adc_fifo_inst|data[59]" -section_id auto_signaltap_1
set_instance_assignment -name CONNECT_TO_SLD_NODE_ENTITY_PORT acq_data_in[83] -to "adc_fifo:adc_fifo_inst|data[5]" -section_id auto_signaltap_1
set_instance_assignment -name CONNECT_TO_SLD_NODE_ENTITY_PORT acq_data_in[84] -to "adc_fifo:adc_fifo_inst|data[60]" -section_id auto_signaltap_1
set_instance_assignment -name CONNECT_TO_SLD_NODE_ENTITY_PORT acq_data_in[85] -to "adc_fifo:adc_fifo_inst|data[61]" -section_id auto_signaltap_1
set_instance_assignment -name CONNECT_TO_SLD_NODE_ENTITY_PORT acq_data_in[86] -to "adc_fifo:adc_fifo_inst|data[62]" -section_id auto_signaltap_1
set_instance_assignment -name CONNECT_TO_SLD_NODE_ENTITY_PORT acq_data_in[87] -to "adc_fifo:adc_fifo_inst|data[63]" -section_id auto_signaltap_1
set_instance_assignment -name CONNECT_TO_SLD_NODE_ENTITY_PORT acq_data_in[88] -to "adc_fifo:adc_fifo_inst|data[64]" -section_id auto_signaltap_1
set_instance_assignment -name CONNECT_TO_SLD_NODE_ENTITY_PORT acq_data_in[89] -to "adc_fifo:adc_fifo_inst|data[65]" -section_id auto_signaltap_1
set_instance_assignment -name CONNECT_TO_SLD_NODE_ENTITY_PORT acq_data_in[90] -to "adc_fifo:adc_fifo_inst|data[66]" -section_id auto_signaltap_1
set_instance_assignment -name CONNECT_TO_SLD_NODE_ENTITY_PORT acq_data_in[91] -to "adc_fifo:adc_fifo_inst|data[67]" -section_id auto_signaltap_1
set_instance_assignment -name CONNECT_TO_SLD_NODE_ENTITY_PORT acq_data_in[92] -to "adc_fifo:adc_fifo_inst|data[68]" -section_id auto_signaltap_1
set_instance_assignment -name CONNECT_TO_SLD_NODE_ENTITY_PORT acq_data_in[93] -to "adc_fifo:adc_fifo_inst|data[69]" -section_id auto_signaltap_1
set_instance_assignment -name CONNECT_TO_SLD_NODE_ENTITY_PORT acq_data_in[94] -to "adc_fifo:adc_fifo_inst|data[6]" -section_id auto_signaltap_1
set_instance_assignment -name CONNECT_TO_SLD_NODE_ENTITY_PORT acq_data_in[95] -to "adc_fifo:adc_fifo_inst|data[70]" -section_id auto_signaltap_1
set_instance_assignment -name CONNECT_TO_SLD_NODE_ENTITY_PORT acq_data_in[96] -to "adc_fifo:adc_fifo_inst|data[71]" -section_id auto_signaltap_1
set_instance_assignment -name CONNECT_TO_SLD_NODE_ENTITY_PORT acq_data_in[97] -to "adc_fifo:adc_fifo_inst|data[72]" -section_id auto_signaltap_1
set_instance_assignment -name CONNECT_TO_SLD_NODE_ENTITY_PORT acq_data_in[98] -to "adc_fifo:adc_fifo_inst|data[73]" -section_id auto_signaltap_1
set_instance_assignment -name CONNECT_TO_SLD_NODE_ENTITY_PORT acq_data_in[99] -to "adc_fifo:adc_fifo_inst|data[74]" -section_id auto_signaltap_1
set_instance_assignment -name CONNECT_TO_SLD_NODE_ENTITY_PORT acq_data_in[100] -to "adc_fifo:adc_fifo_inst|data[75]" -section_id auto_signaltap_1
set_instance_assignment -name CONNECT_TO_SLD_NODE_ENTITY_PORT acq_data_in[101] -to "adc_fifo:adc_fifo_inst|data[76]" -section_id auto_signaltap_1
set_instance_assignment -name CONNECT_TO_SLD_NODE_ENTITY_PORT acq_data_in[102] -to "adc_fifo:adc_fifo_inst|data[77]" -section_id auto_signaltap_1
set_instance_assignment -name CONNECT_TO_SLD_NODE_ENTITY_PORT acq_data_in[103] -to "adc_fifo:adc_fifo_inst|data[78]" -section_id auto_signaltap_1
set_instance_assignment -name CONNECT_TO_SLD_NODE_ENTITY_PORT acq_data_in[104] -to "adc_fifo:adc_fifo_inst|data[79]" -section_id auto_signaltap_1
set_instance_assignment -name CONNECT_TO_SLD_NODE_ENTITY_PORT acq_data_in[105] -to "adc_fifo:adc_fifo_inst|data[7]" -section_id auto_signaltap_1
set_instance_assignment -name CONNECT_TO_SLD_NODE_ENTITY_PORT acq_data_in[106] -to "adc_fifo:adc_fifo_inst|data[80]" -section_id auto_signaltap_1
set_instance_assignment -name CONNECT_TO_SLD_NODE_ENTITY_PORT acq_data_in[107] -to "adc_fifo:adc_fifo_inst|data[81]" -section_id auto_signaltap_1
set_instance_assignment -name CONNECT_TO_SLD_NODE_ENTITY_PORT acq_data_in[108] -to "adc_fifo:adc_fifo_inst|data[82]" -section_id auto_signaltap_1
set_instance_assignment -name CONNECT_TO_SLD_NODE_ENTITY_PORT acq_data_in[109] -to "adc_fifo:adc_fifo_inst|data[83]" -section_id auto_signaltap_1
set_instance_assignment -name CONNECT_TO_SLD_NODE_ENTITY_PORT acq_data_in[110] -to "adc_fifo:adc_fifo_inst|data[84]" -section_id auto_signaltap_1
set_instance_assignment -name CONNECT_TO_SLD_NODE_ENTITY_PORT acq_data_in[111] -to "adc_fifo:adc_fifo_inst|data[85]" -section_id auto_signaltap_1
set_instance_assignment -name CONNECT_TO_SLD_NODE_ENTITY_PORT acq_data_in[112] -to "adc_fifo:adc_fifo_inst|data[86]" -section_id auto_signaltap_1
set_instance_assignment -name CONNECT_TO_SLD_NODE_ENTITY_PORT acq_data_in[113] -to "adc_fifo:adc_fifo_inst|data[87]" -section_id auto_signaltap_1
set_instance_assignment -name CONNECT_TO_SLD_NODE_ENTITY_PORT acq_data_in[114] -to "adc_fifo:adc_fifo_inst|data[88]" -section_id auto_signaltap_1
set_instance_assignment -name CONNECT_TO_SLD_NODE_ENTITY_PORT acq_data_in[115] -to "adc_fifo:adc_fifo_inst|data[89]" -section_id auto_signaltap_1
set_instance_assignment -name CONNECT_TO_SLD_NODE_ENTITY_PORT acq_data_in[116] -to "adc_fifo:adc_fifo_inst|data[8]" -section_id auto_signaltap_1
set_instance_assignment -name CONNECT_TO_SLD_NODE_ENTITY_PORT acq_data_in[117] -to "adc_fifo:adc_fifo_inst|data[90]" -section_id auto_signaltap_1
set_instance_assignment -name CONNECT_TO_SLD_NODE_ENTITY_PORT acq_data_in[118] -to "adc_fifo:adc_fifo_inst|data[91]" -section_id auto_signaltap_1
set_instance_assignment -name CONNECT_TO_SLD_NODE_ENTITY_PORT acq_data_in[119] -to "adc_fifo:adc_fifo_inst|data[92]" -section_id auto_signaltap_1
set_instance_assignment -name CONNECT_TO_SLD_NODE_ENTITY_PORT acq_data_in[120] -to "adc_fifo:adc_fifo_inst|data[93]" -section_id auto_signaltap_1
set_instance_assignment -name CONNECT_TO_SLD_NODE_ENTITY_PORT acq_data_in[121] -to "adc_fifo:adc_fifo_inst|data[94]" -section_id auto_signaltap_1
set_instance_assignment -name CONNECT_TO_SLD_NODE_ENTITY_PORT acq_data_in[122] -to "adc_fifo:adc_fifo_inst|data[95]" -section_id auto_signaltap_1
set_instance_assignment -name CONNECT_TO_SLD_NODE_ENTITY_PORT acq_data_in[123] -to "adc_fifo:adc_fifo_inst|data[96]" -section_id auto_signaltap_1
set_instance_assignment -name CONNECT_TO_SLD_NODE_ENTITY_PORT acq_data_in[124] -to "adc_fifo:adc_fifo_inst|data[97]" -section_id auto_signaltap_1
set_instance_assignment -name CONNECT_TO_SLD_NODE_ENTITY_PORT acq_data_in[125] -to "adc_fifo:adc_fifo_inst|data[98]" -section_id auto_signaltap_1
set_instance_assignment -name CONNECT_TO_SLD_NODE_ENTITY_PORT acq_data_in[126] -to "adc_fifo:adc_fifo_inst|data[99]" -section_id auto_signaltap_1
set_instance_assignment -name CONNECT_TO_SLD_NODE_ENTITY_PORT acq_data_in[127] -to "adc_fifo:adc_fifo_inst|data[9]" -section_id auto_signaltap_1
set_instance_assignment -name CONNECT_TO_SLD_NODE_ENTITY_PORT acq_data_in[128] -to "adc_fifo:adc_fifo_inst|q[0]" -section_id auto_signaltap_1
set_instance_assignment -name CONNECT_TO_SLD_NODE_ENTITY_PORT acq_data_in[129] -to "adc_fifo:adc_fifo_inst|q[100]" -section_id auto_signaltap_1
set_instance_assignment -name CONNECT_TO_SLD_NODE_ENTITY_PORT acq_data_in[130] -to "adc_fifo:adc_fifo_inst|q[101]" -section_id auto_signaltap_1
set_instance_assignment -name CONNECT_TO_SLD_NODE_ENTITY_PORT acq_data_in[131] -to "adc_fifo:adc_fifo_inst|q[102]" -section_id auto_signaltap_1
set_instance_assignment -name CONNECT_TO_SLD_NODE_ENTITY_PORT acq_data_in[132] -to "adc_fifo:adc_fifo_inst|q[103]" -section_id auto_signaltap_1
set_instance_assignment -name CONNECT_TO_SLD_NODE_ENTITY_PORT acq_data_in[133] -to "adc_fifo:adc_fifo_inst|q[104]" -section_id auto_signaltap_1
set_instance_assignment -name CONNECT_TO_SLD_NODE_ENTITY_PORT acq_data_in[134] -to "adc_fifo:adc_fifo_inst|q[105]" -section_id auto_signaltap_1
set_instance_assignment -name CONNECT_TO_SLD_NODE_ENTITY_PORT acq_data_in[135] -to "adc_fifo:adc_fifo_inst|q[106]" -section_id auto_signaltap_1
set_instance_assignment -name CONNECT_TO_SLD_NODE_ENTITY_PORT acq_data_in[136] -to "adc_fifo:adc_fifo_inst|q[107]" -section_id auto_signaltap_1
set_instance_assignment -name CONNECT_TO_SLD_NODE_ENTITY_PORT acq_data_in[137] -to "adc_fifo:adc_fifo_inst|q[108]" -section_id auto_signaltap_1
set_instance_assignment -name CONNECT_TO_SLD_NODE_ENTITY_PORT acq_data_in[138] -to "adc_fifo:adc_fifo_inst|q[109]" -section_id auto_signaltap_1
set_instance_assignment -name CONNECT_TO_SLD_NODE_ENTITY_PORT acq_data_in[139] -to "adc_fifo:adc_fifo_inst|q[10]" -section_id auto_signaltap_1
set_instance_assignment -name CONNECT_TO_SLD_NODE_ENTITY_PORT acq_data_in[140] -to "adc_fifo:adc_fifo_inst|q[110]" -section_id auto_signaltap_1
set_instance_assignment -name CONNECT_TO_SLD_NODE_ENTITY_PORT acq_data_in[141] -to "adc_fifo:adc_fifo_inst|q[111]" -section_id auto_signaltap_1
set_instance_assignment -name CONNECT_TO_SLD_NODE_ENTITY_PORT acq_data_in[142] -to "adc_fifo:adc_fifo_inst|q[112]" -section_id auto_signaltap_1
set_instance_assignment -name CONNECT_TO_SLD_NODE_ENTITY_PORT acq_data_in[143] -to "adc_fifo:adc_fifo_inst|q[113]" -section_id auto_signaltap_1
set_instance_assignment -name CONNECT_TO_SLD_NODE_ENTITY_PORT acq_data_in[144] -to "adc_fifo:adc_fifo_inst|q[114]" -section_id auto_signaltap_1
set_instance_assignment -name CONNECT_TO_SLD_NODE_ENTITY_PORT acq_data_in[145] -to "adc_fifo:adc_fifo_inst|q[115]" -section_id auto_signaltap_1
set_instance_assignment -name CONNECT_TO_SLD_NODE_ENTITY_PORT acq_data_in[146] -to "adc_fifo:adc_fifo_inst|q[116]" -section_id auto_signaltap_1
set_instance_assignment -name CONNECT_TO_SLD_NODE_ENTITY_PORT acq_data_in[147] -to "adc_fifo:adc_fifo_inst|q[117]" -section_id auto_signaltap_1
set_instance_assignment -name CONNECT_TO_SLD_NODE_ENTITY_PORT acq_data_in[148] -to "adc_fifo:adc_fifo_inst|q[118]" -section_id auto_signaltap_1
set_instance_assignment -name CONNECT_TO_SLD_NODE_ENTITY_PORT acq_data_in[149] -to "adc_fifo:adc_fifo_inst|q[119]" -section_id auto_signaltap_1
set_instance_assignment -name CONNECT_TO_SLD_NODE_ENTITY_PORT acq_data_in[150] -to "adc_fifo:adc_fifo_inst|q[11]" -section_id auto_signaltap_1
set_instance_assignment -name CONNECT_TO_SLD_NODE_ENTITY_PORT acq_data_in[151] -to "adc_fifo:adc_fifo_inst|q[120]" -section_id auto_signaltap_1
set_instance_assignment -name CONNECT_TO_SLD_NODE_ENTITY_PORT acq_data_in[152] -to "adc_fifo:adc_fifo_inst|q[121]" -section_id auto_signaltap_1
set_instance_assignment -name CONNECT_TO_SLD_NODE_ENTITY_PORT acq_data_in[153] -to "adc_fifo:adc_fifo_inst|q[122]" -section_id auto_signaltap_1
set_instance_assignment -name CONNECT_TO_SLD_NODE_ENTITY_PORT acq_data_in[154] -to "adc_fifo:adc_fifo_inst|q[123]" -section_id auto_signaltap_1
set_instance_assignment -name CONNECT_TO_SLD_NODE_ENTITY_PORT acq_data_in[155] -to "adc_fifo:adc_fifo_inst|q[124]" -section_id auto_signaltap_1
set_instance_assignment -name CONNECT_TO_SLD_NODE_ENTITY_PORT acq_data_in[156] -to "adc_fifo:adc_fifo_inst|q[125]" -section_id auto_signaltap_1
set_instance_assignment -name CONNECT_TO_SLD_NODE_ENTITY_PORT acq_data_in[157] -to "adc_fifo:adc_fifo_inst|q[126]" -section_id auto_signaltap_1
set_instance_assignment -name CONNECT_TO_SLD_NODE_ENTITY_PORT acq_data_in[158] -to "adc_fifo:adc_fifo_inst|q[127]" -section_id auto_signaltap_1
set_instance_assignment -name CONNECT_TO_SLD_NODE_ENTITY_PORT acq_data_in[159] -to "adc_fifo:adc_fifo_inst|q[12]" -section_id auto_signaltap_1
set_instance_assignment -name CONNECT_TO_SLD_NODE_ENTITY_PORT acq_data_in[160] -to "adc_fifo:adc_fifo_inst|q[13]" -section_id auto_signaltap_1
set_instance_assignment -name CONNECT_TO_SLD_NODE_ENTITY_PORT acq_data_in[161] -to "adc_fifo:adc_fifo_inst|q[14]" -section_id auto_signaltap_1
set_instance_assignment -name CONNECT_TO_SLD_NODE_ENTITY_PORT acq_data_in[162] -to "adc_fifo:adc_fifo_inst|q[15]" -section_id auto_signaltap_1
set_instance_assignment -name CONNECT_TO_SLD_NODE_ENTITY_PORT acq_data_in[163] -to "adc_fifo:adc_fifo_inst|q[16]" -section_id auto_signaltap_1
set_instance_assignment -name CONNECT_TO_SLD_NODE_ENTITY_PORT acq_data_in[164] -to "adc_fifo:adc_fifo_inst|q[17]" -section_id auto_signaltap_1
set_instance_assignment -name CONNECT_TO_SLD_NODE_ENTITY_PORT acq_data_in[165] -to "adc_fifo:adc_fifo_inst|q[18]" -section_id auto_signaltap_1
set_instance_assignment -name CONNECT_TO_SLD_NODE_ENTITY_PORT acq_data_in[166] -to "adc_fifo:adc_fifo_inst|q[19]" -section_id auto_signaltap_1
set_instance_assignment -name CONNECT_TO_SLD_NODE_ENTITY_PORT acq_data_in[167] -to "adc_fifo:adc_fifo_inst|q[1]" -section_id auto_signaltap_1
set_instance_assignment -name CONNECT_TO_SLD_NODE_ENTITY_PORT acq_data_in[168] -to "adc_fifo:adc_fifo_inst|q[20]" -section_id auto_signaltap_1
set_instance_assignment -name CONNECT_TO_SLD_NODE_ENTITY_PORT acq_data_in[169] -to "adc_fifo:adc_fifo_inst|q[21]" -section_id auto_signaltap_1
set_instance_assignment -name CONNECT_TO_SLD_NODE_ENTITY_PORT acq_data_in[170] -to "adc_fifo:adc_fifo_inst|q[22]" -section_id auto_signaltap_1
set_instance_assignment -name CONNECT_TO_SLD_NODE_ENTITY_PORT acq_data_in[171] -to "adc_fifo:adc_fifo_inst|q[23]" -section_id auto_signaltap_1
set_instance_assignment -name CONNECT_TO_SLD_NODE_ENTITY_PORT acq_data_in[172] -to "adc_fifo:adc_fifo_inst|q[24]" -section_id auto_signaltap_1
set_instance_assignment -name CONNECT_TO_SLD_NODE_ENTITY_PORT acq_data_in[173] -to "adc_fifo:adc_fifo_inst|q[25]" -section_id auto_signaltap_1
set_instance_assignment -name CONNECT_TO_SLD_NODE_ENTITY_PORT acq_data_in[174] -to "adc_fifo:adc_fifo_inst|q[26]" -section_id auto_signaltap_1
set_instance_assignment -name CONNECT_TO_SLD_NODE_ENTITY_PORT acq_data_in[175] -to "adc_fifo:adc_fifo_inst|q[27]" -section_id auto_signaltap_1
set_instance_assignment -name CONNECT_TO_SLD_NODE_ENTITY_PORT acq_data_in[176] -to "adc_fifo:adc_fifo_inst|q[28]" -section_id auto_signaltap_1
set_instance_assignment -name CONNECT_TO_SLD_NODE_ENTITY_PORT acq_data_in[177] -to "adc_fifo:adc_fifo_inst|q[29]" -section_id auto_signaltap_1
set_instance_assignment -name CONNECT_TO_SLD_NODE_ENTITY_PORT acq_data_in[178] -to "adc_fifo:adc_fifo_inst|q[2]" -section_id auto_signaltap_1
set_instance_assignment -name CONNECT_TO_SLD_NODE_ENTITY_PORT acq_data_in[179] -to "adc_fifo:adc_fifo_inst|q[30]" -section_id auto_signaltap_1
set_instance_assignment -name CONNECT_TO_SLD_NODE_ENTITY_PORT acq_data_in[180] -to "adc_fifo:adc_fifo_inst|q[31]" -section_id auto_signaltap_1
set_instance_assignment -name CONNECT_TO_SLD_NODE_ENTITY_PORT acq_data_in[181] -to "adc_fifo:adc_fifo_inst|q[32]" -section_id auto_signaltap_1
set_instance_assignment -name CONNECT_TO_SLD_NODE_ENTITY_PORT acq_data_in[182] -to "adc_fifo:adc_fifo_inst|q[33]" -section_id auto_signaltap_1
set_instance_assignment -name CONNECT_TO_SLD_NODE_ENTITY_PORT acq_data_in[183] -to "adc_fifo:adc_fifo_inst|q[34]" -section_id auto_signaltap_1
set_instance_assignment -name CONNECT_TO_SLD_NODE_ENTITY_PORT acq_data_in[184] -to "adc_fifo:adc_fifo_inst|q[35]" -section_id auto_signaltap_1
set_instance_assignment -name CONNECT_TO_SLD_NODE_ENTITY_PORT acq_data_in[185] -to "adc_fifo:adc_fifo_inst|q[36]" -section_id auto_signaltap_1
set_instance_assignment -name CONNECT_TO_SLD_NODE_ENTITY_PORT acq_data_in[186] -to "adc_fifo:adc_fifo_inst|q[37]" -section_id auto_signaltap_1
set_instance_assignment -name CONNECT_TO_SLD_NODE_ENTITY_PORT acq_data_in[187] -to "adc_fifo:adc_fifo_inst|q[38]" -section_id auto_signaltap_1
set_instance_assignment -name CONNECT_TO_SLD_NODE_ENTITY_PORT acq_data_in[188] -to "adc_fifo:adc_fifo_inst|q[39]" -section_id auto_signaltap_1
set_instance_assignment -name CONNECT_TO_SLD_NODE_ENTITY_PORT acq_data_in[189] -to "adc_fifo:adc_fifo_inst|q[3]" -section_id auto_signaltap_1
set_instance_assignment -name CONNECT_TO_SLD_NODE_ENTITY_PORT acq_data_in[190] -to "adc_fifo:adc_fifo_inst|q[40]" -section_id auto_signaltap_1
set_instance_assignment -name CONNECT_TO_SLD_NODE_ENTITY_PORT acq_data_in[191] -to "adc_fifo:adc_fifo_inst|q[41]" -section_id auto_signaltap_1
set_instance_assignment -name CONNECT_TO_SLD_NODE_ENTITY_PORT acq_data_in[192] -to "adc_fifo:adc_fifo_inst|q[42]" -section_id auto_signaltap_1
set_instance_assignment -name CONNECT_TO_SLD_NODE_ENTITY_PORT acq_data_in[193] -to "adc_fifo:adc_fifo_inst|q[43]" -section_id auto_signaltap_1
set_instance_assignment -name CONNECT_TO_SLD_NODE_ENTITY_PORT acq_data_in[194] -to "adc_fifo:adc_fifo_inst|q[44]" -section_id auto_signaltap_1
set_instance_assignment -name CONNECT_TO_SLD_NODE_ENTITY_PORT acq_data_in[195] -to "adc_fifo:adc_fifo_inst|q[45]" -section_id auto_signaltap_1
set_instance_assignment -name CONNECT_TO_SLD_NODE_ENTITY_PORT acq_data_in[196] -to "adc_fifo:adc_fifo_inst|q[46]" -section_id auto_signaltap_1
set_instance_assignment -name CONNECT_TO_SLD_NODE_ENTITY_PORT acq_data_in[197] -to "adc_fifo:adc_fifo_inst|q[47]" -section_id auto_signaltap_1
set_instance_assignment -name CONNECT_TO_SLD_NODE_ENTITY_PORT acq_data_in[198] -to "adc_fifo:adc_fifo_inst|q[48]" -section_id auto_signaltap_1
set_instance_assignment -name CONNECT_TO_SLD_NODE_ENTITY_PORT acq_data_in[199] -to "adc_fifo:adc_fifo_inst|q[49]" -section_id auto_signaltap_1
set_instance_assignment -name CONNECT_TO_SLD_NODE_ENTITY_PORT acq_data_in[200] -to "adc_fifo:adc_fifo_inst|q[4]" -section_id auto_signaltap_1
set_instance_assignment -name CONNECT_TO_SLD_NODE_ENTITY_PORT acq_data_in[201] -to "adc_fifo:adc_fifo_inst|q[50]" -section_id auto_signaltap_1
set_instance_assignment -name CONNECT_TO_SLD_NODE_ENTITY_PORT acq_data_in[202] -to "adc_fifo:adc_fifo_inst|q[51]" -section_id auto_signaltap_1
set_instance_assignment -name CONNECT_TO_SLD_NODE_ENTITY_PORT acq_data_in[203] -to "adc_fifo:adc_fifo_inst|q[52]" -section_id auto_signaltap_1
set_instance_assignment -name CONNECT_TO_SLD_NODE_ENTITY_PORT acq_data_in[204] -to "adc_fifo:adc_fifo_inst|q[53]" -section_id auto_signaltap_1
set_instance_assignment -name CONNECT_TO_SLD_NODE_ENTITY_PORT acq_data_in[205] -to "adc_fifo:adc_fifo_inst|q[54]" -section_id auto_signaltap_1
set_instance_assignment -name CONNECT_TO_SLD_NODE_ENTITY_PORT acq_data_in[206] -to "adc_fifo:adc_fifo_inst|q[55]" -section_id auto_signaltap_1
set_instance_assignment -name CONNECT_TO_SLD_NODE_ENTITY_PORT acq_data_in[207] -to "adc_fifo:adc_fifo_inst|q[56]" -section_id auto_signaltap_1
set_instance_assignment -name CONNECT_TO_SLD_NODE_ENTITY_PORT acq_data_in[208] -to "adc_fifo:adc_fifo_inst|q[57]" -section_id auto_signaltap_1
set_instance_assignment -name CONNECT_TO_SLD_NODE_ENTITY_PORT acq_data_in[209] -to "adc_fifo:adc_fifo_inst|q[58]" -section_id auto_signaltap_1
set_instance_assignment -name CONNECT_TO_SLD_NODE_ENTITY_PORT acq_data_in[210] -to "adc_fifo:adc_fifo_inst|q[59]" -section_id auto_signaltap_1
set_instance_assignment -name CONNECT_TO_SLD_NODE_ENTITY_PORT acq_data_in[211] -to "adc_fifo:adc_fifo_inst|q[5]" -section_id auto_signaltap_1
set_instance_assignment -name CONNECT_TO_SLD_NODE_ENTITY_PORT acq_data_in[212] -to "adc_fifo:adc_fifo_inst|q[60]" -section_id auto_signaltap_1
set_instance_assignment -name CONNECT_TO_SLD_NODE_ENTITY_PORT acq_data_in[213] -to "adc_fifo:adc_fifo_inst|q[61]" -section_id auto_signaltap_1
set_instance_assignment -name CONNECT_TO_SLD_NODE_ENTITY_PORT acq_data_in[214] -to "adc_fifo:adc_fifo_inst|q[62]" -section_id auto_signaltap_1
set_instance_assignment -name CONNECT_TO_SLD_NODE_ENTITY_PORT acq_data_in[215] -to "adc_fifo:adc_fifo_inst|q[63]" -section_id auto_signaltap_1
set_instance_assignment -name CONNECT_TO_SLD_NODE_ENTITY_PORT acq_data_in[216] -to "adc_fifo:adc_fifo_inst|q[64]" -section_id auto_signaltap_1
set_instance_assignment -name CONNECT_TO_SLD_NODE_ENTITY_PORT acq_data_in[217] -to "adc_fifo:adc_fifo_inst|q[65]" -section_id auto_signaltap_1
set_instance_assignment -name CONNECT_TO_SLD_NODE_ENTITY_PORT acq_data_in[218] -to "adc_fifo:adc_fifo_inst|q[66]" -section_id auto_signaltap_1
set_instance_assignment -name CONNECT_TO_SLD_NODE_ENTITY_PORT acq_data_in[219] -to "adc_fifo:adc_fifo_inst|q[67]" -section_id auto_signaltap_1
set_instance_assignment -name CONNECT_TO_SLD_NODE_ENTITY_PORT acq_data_in[220] -to "adc_fifo:adc_fifo_inst|q[68]" -section_id auto_signaltap_1
set_instance_assignment -name CONNECT_TO_SLD_NODE_ENTITY_PORT acq_data_in[221] -to "adc_fifo:adc_fifo_inst|q[69]" -section_id auto_signaltap_1
set_instance_assignment -name CONNECT_TO_SLD_NODE_ENTITY_PORT acq_data_in[222] -to "adc_fifo:adc_fifo_inst|q[6]" -section_id auto_signaltap_1
set_instance_assignment -name CONNECT_TO_SLD_NODE_ENTITY_PORT acq_data_in[223] -to "adc_fifo:adc_fifo_inst|q[70]" -section_id auto_signaltap_1
set_instance_assignment -name CONNECT_TO_SLD_NODE_ENTITY_PORT acq_data_in[224] -to "adc_fifo:adc_fifo_inst|q[71]" -section_id auto_signaltap_1
set_instance_assignment -name CONNECT_TO_SLD_NODE_ENTITY_PORT acq_data_in[225] -to "adc_fifo:adc_fifo_inst|q[72]" -section_id auto_signaltap_1
set_instance_assignment -name CONNECT_TO_SLD_NODE_ENTITY_PORT acq_data_in[226] -to "adc_fifo:adc_fifo_inst|q[73]" -section_id auto_signaltap_1
set_instance_assignment -name CONNECT_TO_SLD_NODE_ENTITY_PORT acq_data_in[227] -to "adc_fifo:adc_fifo_inst|q[74]" -section_id auto_signaltap_1
set_instance_assignment -name CONNECT_TO_SLD_NODE_ENTITY_PORT acq_data_in[228] -to "adc_fifo:adc_fifo_inst|q[75]" -section_id auto_signaltap_1
set_instance_assignment -name CONNECT_TO_SLD_NODE_ENTITY_PORT acq_data_in[229] -to "adc_fifo:adc_fifo_inst|q[76]" -section_id auto_signaltap_1
set_instance_assignment -name CONNECT_TO_SLD_NODE_ENTITY_PORT acq_data_in[230] -to "adc_fifo:adc_fifo_inst|q[77]" -section_id auto_signaltap_1
set_instance_assignment -name CONNECT_TO_SLD_NODE_ENTITY_PORT acq_data_in[231] -to "adc_fifo:adc_fifo_inst|q[78]" -section_id auto_signaltap_1
set_instance_assignment -name CONNECT_TO_SLD_NODE_ENTITY_PORT acq_data_in[232] -to "adc_fifo:adc_fifo_inst|q[79]" -section_id auto_signaltap_1
set_instance_assignment -name CONNECT_TO_SLD_NODE_ENTITY_PORT acq_data_in[233] -to "adc_fifo:adc_fifo_inst|q[7]" -section_id auto_signaltap_1
set_instance_assignment -name CONNECT_TO_SLD_NODE_ENTITY_PORT acq_data_in[234] -to "adc_fifo:adc_fifo_inst|q[80]" -section_id auto_signaltap_1
set_instance_assignment -name CONNECT_TO_SLD_NODE_ENTITY_PORT acq_data_in[235] -to "adc_fifo:adc_fifo_inst|q[81]" -section_id auto_signaltap_1
set_instance_assignment -name CONNECT_TO_SLD_NODE_ENTITY_PORT acq_data_in[236] -to "adc_fifo:adc_fifo_inst|q[82]" -section_id auto_signaltap_1
set_instance_assignment -name CONNECT_TO_SLD_NODE_ENTITY_PORT acq_data_in[237] -to "adc_fifo:adc_fifo_inst|q[83]" -section_id auto_signaltap_1
set_instance_assignment -name CONNECT_TO_SLD_NODE_ENTITY_PORT acq_data_in[238] -to "adc_fifo:adc_fifo_inst|q[84]" -section_id auto_signaltap_1
set_instance_assignment -name CONNECT_TO_SLD_NODE_ENTITY_PORT acq_data_in[239] -to "adc_fifo:adc_fifo_inst|q[85]" -section_id auto_signaltap_1
set_instance_assignment -name CONNECT_TO_SLD_NODE_ENTITY_PORT acq_data_in[240] -to "adc_fifo:adc_fifo_inst|q[86]" -section_id auto_signaltap_1
set_instance_assignment -name CONNECT_TO_SLD_NODE_ENTITY_PORT acq_data_in[241] -to "adc_fifo:adc_fifo_inst|q[87]" -section_id auto_signaltap_1
set_instance_assignment -name CONNECT_TO_SLD_NODE_ENTITY_PORT acq_data_in[242] -to "adc_fifo:adc_fifo_inst|q[88]" -section_id auto_signaltap_1
set_instance_assignment -name CONNECT_TO_SLD_NODE_ENTITY_PORT acq_data_in[243] -to "adc_fifo:adc_fifo_inst|q[89]" -section_id auto_signaltap_1
set_instance_assignment -name CONNECT_TO_SLD_NODE_ENTITY_PORT acq_data_in[244] -to "adc_fifo:adc_fifo_inst|q[8]" -section_id auto_signaltap_1
set_instance_assignment -name CONNECT_TO_SLD_NODE_ENTITY_PORT acq_data_in[245] -to "adc_fifo:adc_fifo_inst|q[90]" -section_id auto_signaltap_1
set_instance_assignment -name CONNECT_TO_SLD_NODE_ENTITY_PORT acq_data_in[246] -to "adc_fifo:adc_fifo_inst|q[91]" -section_id auto_signaltap_1
set_instance_assignment -name CONNECT_TO_SLD_NODE_ENTITY_PORT acq_data_in[247] -to "adc_fifo:adc_fifo_inst|q[92]" -section_id auto_signaltap_1
set_instance_assignment -name CONNECT_TO_SLD_NODE_ENTITY_PORT acq_data_in[248] -to "adc_fifo:adc_fifo_inst|q[93]" -section_id auto_signaltap_1
set_instance_assignment -name CONNECT_TO_SLD_NODE_ENTITY_PORT acq_data_in[249] -to "adc_fifo:adc_fifo_inst|q[94]" -section_id auto_signaltap_1
set_instance_assignment -name CONNECT_TO_SLD_NODE_ENTITY_PORT acq_data_in[250] -to "adc_fifo:adc_fifo_inst|q[95]" -section_id auto_signaltap_1
set_instance_assignment -name CONNECT_TO_SLD_NODE_ENTITY_PORT acq_data_in[251] -to "adc_fifo:adc_fifo_inst|q[96]" -section_id auto_signaltap_1
set_instance_assignment -name CONNECT_TO_SLD_NODE_ENTITY_PORT acq_data_in[252] -to "adc_fifo:adc_fifo_inst|q[97]" -section_id auto_signaltap_1
set_instance_assignment -name CONNECT_TO_SLD_NODE_ENTITY_PORT acq_data_in[253] -to "adc_fifo:adc_fifo_inst|q[98]" -section_id auto_signaltap_1
set_instance_assignment -name CONNECT_TO_SLD_NODE_ENTITY_PORT acq_data_in[254] -to "adc_fifo:adc_fifo_inst|q[99]" -section_id auto_signaltap_1
set_instance_assignment -name CONNECT_TO_SLD_NODE_ENTITY_PORT acq_data_in[255] -to "adc_fifo:adc_fifo_inst|q[9]" -section_id auto_signaltap_1
set_instance_assignment -name CONNECT_TO_SLD_NODE_ENTITY_PORT acq_data_in[256] -to "adc_fifo:adc_fifo_inst|rdclk" -section_id auto_signaltap_1
set_instance_assignment -name CONNECT_TO_SLD_NODE_ENTITY_PORT acq_data_in[257] -to "adc_fifo:adc_fifo_inst|rdempty" -section_id auto_signaltap_1
set_instance_assignment -name CONNECT_TO_SLD_NODE_ENTITY_PORT acq_data_in[258] -to "adc_fifo:adc_fifo_inst|rdreq" -section_id auto_signaltap_1
set_instance_assignment -name CONNECT_TO_SLD_NODE_ENTITY_PORT acq_data_in[259] -to "adc_fifo:adc_fifo_inst|wrclk" -section_id auto_signaltap_1
set_instance_assignment -name CONNECT_TO_SLD_NODE_ENTITY_PORT acq_data_in[260] -to "adc_fifo:adc_fifo_inst|wrfull" -section_id auto_signaltap_1
set_instance_assignment -name CONNECT_TO_SLD_NODE_ENTITY_PORT acq_data_in[261] -to "adc_fifo:adc_fifo_inst|wrreq" -section_id auto_signaltap_1
set_global_assignment -name SLD_NODE_PARAMETER_ASSIGNMENT "SLD_RAM_BLOCK_TYPE=AUTO" -section_id auto_signaltap_1
set_global_assignment -name SLD_NODE_PARAMETER_ASSIGNMENT "SLD_DATA_BITS=262" -section_id auto_signaltap_1
set_global_assignment -name SLD_NODE_PARAMETER_ASSIGNMENT "SLD_TRIGGER_BITS=262" -section_id auto_signaltap_1
set_global_assignment -name SLD_NODE_PARAMETER_ASSIGNMENT "SLD_STORAGE_QUALIFIER_BITS=262" -section_id auto_signaltap_1
set_global_assignment -name SLD_NODE_PARAMETER_ASSIGNMENT "SLD_NODE_INFO=805334529" -section_id auto_signaltap_1
set_global_assignment -name SLD_NODE_PARAMETER_ASSIGNMENT "SLD_POWER_UP_TRIGGER=0" -section_id auto_signaltap_1
set_global_assignment -name SLD_NODE_PARAMETER_ASSIGNMENT "SLD_INVERSION_MASK=000000000000000000000000000000000000000000000000000000000000000000000000000000000000000000000000000000000000000000000000000000000000000000000000000000000000000000000000000000000000000000000000000000000000000000000000000000000000000000000000000000000000000000000000000000000000000000000000000000000000000000000000000000000000000000000000000000000000000000000000000000000000000000000000000000000000000000000000000000000000000000000000000000000000000000000000000000000000000000000000000000000000000000000000000000000000000000000000000000000000000000000000000000000000000000000000000000000000000000000000000000000000000000000000000000000000000000000000000000000000000000000000000000000000000000000000000000000000000000000000000000000000000000000000000000000000000000000000000000000000000000000000000000000000000" -section_id auto_signaltap_1
set_global_assignment -name SLD_NODE_PARAMETER_ASSIGNMENT "SLD_INVERSION_MASK_LENGTH=807" -section_id auto_signaltap_1
set_global_assignment -name SLD_NODE_PARAMETER_ASSIGNMENT "SLD_STORAGE_QUALIFIER_INVERSION_MASK_LENGTH=0" -section_id auto_signaltap_1
set_global_assignment -name SLD_NODE_PARAMETER_ASSIGNMENT "SLD_SEGMENT_SIZE=128" -section_id auto_signaltap_1
set_global_assignment -name SLD_NODE_PARAMETER_ASSIGNMENT "SLD_ATTRIBUTE_MEM_MODE=OFF" -section_id auto_signaltap_1
set_global_assignment -name SLD_NODE_PARAMETER_ASSIGNMENT "SLD_STATE_FLOW_USE_GENERATED=0" -section_id auto_signaltap_1
set_global_assignment -name SLD_NODE_PARAMETER_ASSIGNMENT "SLD_STATE_BITS=11" -section_id auto_signaltap_1
set_global_assignment -name SLD_NODE_PARAMETER_ASSIGNMENT "SLD_BUFFER_FULL_STOP=1" -section_id auto_signaltap_1
set_global_assignment -name SLD_NODE_PARAMETER_ASSIGNMENT "SLD_CURRENT_RESOURCE_WIDTH=1" -section_id auto_signaltap_1
set_global_assignment -name SLD_NODE_PARAMETER_ASSIGNMENT "SLD_INCREMENTAL_ROUTING=1" -section_id auto_signaltap_1
set_instance_assignment -name POST_FIT_CONNECT_TO_SLD_NODE_ENTITY_PORT crc[0] -to auto_signaltap_1|vcc -section_id auto_signaltap_1
set_instance_assignment -name POST_FIT_CONNECT_TO_SLD_NODE_ENTITY_PORT crc[1] -to auto_signaltap_1|vcc -section_id auto_signaltap_1
set_instance_assignment -name POST_FIT_CONNECT_TO_SLD_NODE_ENTITY_PORT crc[2] -to auto_signaltap_1|vcc -section_id auto_signaltap_1
set_instance_assignment -name POST_FIT_CONNECT_TO_SLD_NODE_ENTITY_PORT crc[3] -to auto_signaltap_1|gnd -section_id auto_signaltap_1
set_instance_assignment -name POST_FIT_CONNECT_TO_SLD_NODE_ENTITY_PORT crc[4] -to auto_signaltap_1|vcc -section_id auto_signaltap_1
set_instance_assignment -name POST_FIT_CONNECT_TO_SLD_NODE_ENTITY_PORT crc[5] -to auto_signaltap_1|gnd -section_id auto_signaltap_1
set_instance_assignment -name POST_FIT_CONNECT_TO_SLD_NODE_ENTITY_PORT crc[6] -to auto_signaltap_1|gnd -section_id auto_signaltap_1
set_instance_assignment -name POST_FIT_CONNECT_TO_SLD_NODE_ENTITY_PORT crc[7] -to auto_signaltap_1|gnd -section_id auto_signaltap_1
set_instance_assignment -name POST_FIT_CONNECT_TO_SLD_NODE_ENTITY_PORT crc[8] -to auto_signaltap_1|vcc -section_id auto_signaltap_1
set_instance_assignment -name POST_FIT_CONNECT_TO_SLD_NODE_ENTITY_PORT crc[9] -to auto_signaltap_1|gnd -section_id auto_signaltap_1
set_instance_assignment -name POST_FIT_CONNECT_TO_SLD_NODE_ENTITY_PORT crc[10] -to auto_signaltap_1|vcc -section_id auto_signaltap_1
set_instance_assignment -name POST_FIT_CONNECT_TO_SLD_NODE_ENTITY_PORT crc[11] -to auto_signaltap_1|vcc -section_id auto_signaltap_1
set_instance_assignment -name POST_FIT_CONNECT_TO_SLD_NODE_ENTITY_PORT crc[12] -to auto_signaltap_1|gnd -section_id auto_signaltap_1
set_instance_assignment -name POST_FIT_CONNECT_TO_SLD_NODE_ENTITY_PORT crc[13] -to auto_signaltap_1|gnd -section_id auto_signaltap_1
set_instance_assignment -name POST_FIT_CONNECT_TO_SLD_NODE_ENTITY_PORT crc[14] -to auto_signaltap_1|gnd -section_id auto_signaltap_1
set_instance_assignment -name POST_FIT_CONNECT_TO_SLD_NODE_ENTITY_PORT crc[15] -to auto_signaltap_1|gnd -section_id auto_signaltap_1
set_instance_assignment -name POST_FIT_CONNECT_TO_SLD_NODE_ENTITY_PORT crc[16] -to auto_signaltap_1|vcc -section_id auto_signaltap_1
set_instance_assignment -name POST_FIT_CONNECT_TO_SLD_NODE_ENTITY_PORT crc[17] -to auto_signaltap_1|vcc -section_id auto_signaltap_1
set_instance_assignment -name POST_FIT_CONNECT_TO_SLD_NODE_ENTITY_PORT crc[18] -to auto_signaltap_1|vcc -section_id auto_signaltap_1
set_instance_assignment -name POST_FIT_CONNECT_TO_SLD_NODE_ENTITY_PORT crc[19] -to auto_signaltap_1|vcc -section_id auto_signaltap_1
set_instance_assignment -name POST_FIT_CONNECT_TO_SLD_NODE_ENTITY_PORT crc[20] -to auto_signaltap_1|gnd -section_id auto_signaltap_1
set_instance_assignment -name POST_FIT_CONNECT_TO_SLD_NODE_ENTITY_PORT crc[21] -to auto_signaltap_1|gnd -section_id auto_signaltap_1
set_instance_assignment -name POST_FIT_CONNECT_TO_SLD_NODE_ENTITY_PORT crc[22] -to auto_signaltap_1|gnd -section_id auto_signaltap_1
set_instance_assignment -name POST_FIT_CONNECT_TO_SLD_NODE_ENTITY_PORT crc[23] -to auto_signaltap_1|gnd -section_id auto_signaltap_1
set_instance_assignment -name POST_FIT_CONNECT_TO_SLD_NODE_ENTITY_PORT crc[24] -to auto_signaltap_1|gnd -section_id auto_signaltap_1
set_instance_assignment -name POST_FIT_CONNECT_TO_SLD_NODE_ENTITY_PORT crc[25] -to auto_signaltap_1|vcc -section_id auto_signaltap_1
set_instance_assignment -name POST_FIT_CONNECT_TO_SLD_NODE_ENTITY_PORT crc[26] -to auto_signaltap_1|gnd -section_id auto_signaltap_1
set_instance_assignment -name POST_FIT_CONNECT_TO_SLD_NODE_ENTITY_PORT crc[27] -to auto_signaltap_1|gnd -section_id auto_signaltap_1
set_instance_assignment -name POST_FIT_CONNECT_TO_SLD_NODE_ENTITY_PORT crc[28] -to auto_signaltap_1|vcc -section_id auto_signaltap_1
set_instance_assignment -name POST_FIT_CONNECT_TO_SLD_NODE_ENTITY_PORT crc[29] -to auto_signaltap_1|gnd -section_id auto_signaltap_1
set_instance_assignment -name POST_FIT_CONNECT_TO_SLD_NODE_ENTITY_PORT crc[30] -to auto_signaltap_1|vcc -section_id auto_signaltap_1
set_instance_assignment -name POST_FIT_CONNECT_TO_SLD_NODE_ENTITY_PORT crc[31] -to auto_signaltap_1|gnd -section_id auto_signaltap_1
set_global_assignment -name SLD_NODE_PARAMETER_ASSIGNMENT "SLD_TRIGGER_LEVEL=1" -section_id auto_signaltap_1
set_global_assignment -name SLD_NODE_PARAMETER_ASSIGNMENT "SLD_SAMPLE_DEPTH=128" -section_id auto_signaltap_1
set_global_assignment -name SLD_NODE_PARAMETER_ASSIGNMENT "SLD_TRIGGER_IN_ENABLED=0" -section_id auto_signaltap_1
set_global_assignment -name SLD_NODE_PARAMETER_ASSIGNMENT "SLD_TRIGGER_PIPELINE=0" -section_id auto_signaltap_1
set_global_assignment -name SLD_NODE_PARAMETER_ASSIGNMENT "SLD_RAM_PIPELINE=0" -section_id auto_signaltap_1
set_global_assignment -name SLD_NODE_PARAMETER_ASSIGNMENT "SLD_COUNTER_PIPELINE=0" -section_id auto_signaltap_1
set_global_assignment -name SLD_NODE_PARAMETER_ASSIGNMENT "SLD_ADVANCED_TRIGGER_ENTITY=basic,1," -section_id auto_signaltap_1
set_global_assignment -name SLD_NODE_PARAMETER_ASSIGNMENT "SLD_TRIGGER_LEVEL_PIPELINE=1" -section_id auto_signaltap_1
set_global_assignment -name SLD_NODE_PARAMETER_ASSIGNMENT "SLD_ENABLE_ADVANCED_TRIGGER=0" -section_id auto_signaltap_1
set_instance_assignment -name PARTITION_HIERARCHY root_partition -to | -section_id Top
set_global_assignment -name SLD_FILE db/stp1_auto_stripped.stp